// !$*UTF8*$!
{
	archiveVersion = 1;
	classes = {
	};
	objectVersion = 56;
	objects = {

/* Begin PBXBuildFile section */
		D32D35D928D83F9C0094170D /* GoogleService-Info.plist in Resources */ = {isa = PBXBuildFile; fileRef = D32D35D828D83F9C0094170D /* GoogleService-Info.plist */; };
		D32D35E028D843DA0094170D /* higanbana.scn in Resources */ = {isa = PBXBuildFile; fileRef = D32D35DF28D843DA0094170D /* higanbana.scn */; };
		D32D35E328D8446C0094170D /* ezokisuge.scn in Resources */ = {isa = PBXBuildFile; fileRef = D32D35E228D8446C0094170D /* ezokisuge.scn */; };
		D32D35E528D8451B0094170D /* yabukanzo.scn in Resources */ = {isa = PBXBuildFile; fileRef = D32D35E428D8451B0094170D /* yabukanzo.scn */; };
		D32D35E728D845570094170D /* oniyuri.scn in Resources */ = {isa = PBXBuildFile; fileRef = D32D35E628D845570094170D /* oniyuri.scn */; };
		D32D35E928D845FC0094170D /* isotutudi.scn in Resources */ = {isa = PBXBuildFile; fileRef = D32D35E828D845FC0094170D /* isotutudi.scn */; };
		D32D35EB28D846220094170D /* yamatutudi.scn in Resources */ = {isa = PBXBuildFile; fileRef = D32D35EA28D846220094170D /* yamatutudi.scn */; };
		D32D35ED28D846A30094170D /* kusaichigo.scn in Resources */ = {isa = PBXBuildFile; fileRef = D32D35EC28D846A30094170D /* kusaichigo.scn */; };
		D32D35EF28D846DC0094170D /* hanamasu.scn in Resources */ = {isa = PBXBuildFile; fileRef = D32D35EE28D846DC0094170D /* hanamasu.scn */; };
		D32D35F128D847120094170D /* hamaboh.scn in Resources */ = {isa = PBXBuildFile; fileRef = D32D35F028D847120094170D /* hamaboh.scn */; };
		D32D35F328D847530094170D /* satsuki.scn in Resources */ = {isa = PBXBuildFile; fileRef = D32D35F228D847530094170D /* satsuki.scn */; };
		D32D35F528D847820094170D /* hiradotutuji.scn in Resources */ = {isa = PBXBuildFile; fileRef = D32D35F428D847820094170D /* hiradotutuji.scn */; };
		D32D35F728D847DE0094170D /* umanoashigata.scn in Resources */ = {isa = PBXBuildFile; fileRef = D32D35F628D847DE0094170D /* umanoashigata.scn */; };
		D32D35F928D848150094170D /* tsukushibara.scn in Resources */ = {isa = PBXBuildFile; fileRef = D32D35F828D848150094170D /* tsukushibara.scn */; };
		D32D35FB28D848610094170D /* ezoshikashiyuri.scn in Resources */ = {isa = PBXBuildFile; fileRef = D32D35FA28D848610094170D /* ezoshikashiyuri.scn */; };
		D32D35FD28D849770094170D /* FlowerList.swift in Sources */ = {isa = PBXBuildFile; fileRef = D32D35FC28D849770094170D /* FlowerList.swift */; };
		D32D35FF28D84A390094170D /* CustomFlowerSceneView.swift in Sources */ = {isa = PBXBuildFile; fileRef = D32D35FE28D84A390094170D /* CustomFlowerSceneView.swift */; };
		D3DA397728D5913500DA1670 /* AppDelegate.swift in Sources */ = {isa = PBXBuildFile; fileRef = D3DA397628D5913500DA1670 /* AppDelegate.swift */; };
		D3DA397928D5913500DA1670 /* ContentView.swift in Sources */ = {isa = PBXBuildFile; fileRef = D3DA397828D5913500DA1670 /* ContentView.swift */; };
		D3DA397B28D5913500DA1670 /* Experience.rcproject in Sources */ = {isa = PBXBuildFile; fileRef = D3DA397A28D5913500DA1670 /* Experience.rcproject */; };
		D3DA397D28D5913700DA1670 /* Assets.xcassets in Resources */ = {isa = PBXBuildFile; fileRef = D3DA397C28D5913700DA1670 /* Assets.xcassets */; };
		D3DA398028D5913700DA1670 /* Preview Assets.xcassets in Resources */ = {isa = PBXBuildFile; fileRef = D3DA397F28D5913700DA1670 /* Preview Assets.xcassets */; };
		D3DA398A28D5913700DA1670 /* BouquetAppTests.swift in Sources */ = {isa = PBXBuildFile; fileRef = D3DA398928D5913700DA1670 /* BouquetAppTests.swift */; };
		D3DA399428D5913700DA1670 /* BouquetAppUITests.swift in Sources */ = {isa = PBXBuildFile; fileRef = D3DA399328D5913700DA1670 /* BouquetAppUITests.swift */; };
		D3DA399628D5913700DA1670 /* BouquetAppUITestsLaunchTests.swift in Sources */ = {isa = PBXBuildFile; fileRef = D3DA399528D5913700DA1670 /* BouquetAppUITestsLaunchTests.swift */; };
		D3DA39A728D593CB00DA1670 /* MultipeerHelper in Frameworks */ = {isa = PBXBuildFile; productRef = D3DA39A628D593CB00DA1670 /* MultipeerHelper */; };
		D3DA39AA28D5978A00DA1670 /* FirebaseAuth in Frameworks */ = {isa = PBXBuildFile; productRef = D3DA39A928D5978A00DA1670 /* FirebaseAuth */; };
		D3DA39AC28D5978A00DA1670 /* FirebaseAuthCombine-Community in Frameworks */ = {isa = PBXBuildFile; productRef = D3DA39AB28D5978A00DA1670 /* FirebaseAuthCombine-Community */; };
		D3DA39AE28D5978A00DA1670 /* FirebaseFirestore in Frameworks */ = {isa = PBXBuildFile; productRef = D3DA39AD28D5978A00DA1670 /* FirebaseFirestore */; };
		D3DA39B028D5978A00DA1670 /* FirebaseFirestoreCombine-Community in Frameworks */ = {isa = PBXBuildFile; productRef = D3DA39AF28D5978A00DA1670 /* FirebaseFirestoreCombine-Community */; };
		D3DA39B228D5978A00DA1670 /* FirebaseFirestoreSwift in Frameworks */ = {isa = PBXBuildFile; productRef = D3DA39B128D5978A00DA1670 /* FirebaseFirestoreSwift */; };
		D3DA39B428D5978A00DA1670 /* FirebaseStorage in Frameworks */ = {isa = PBXBuildFile; productRef = D3DA39B328D5978A00DA1670 /* FirebaseStorage */; };
		D3DA39B628D5978A00DA1670 /* FirebaseStorageCombine-Community in Frameworks */ = {isa = PBXBuildFile; productRef = D3DA39B528D5978A00DA1670 /* FirebaseStorageCombine-Community */; };
		D3DA39B828D59FCE00DA1670 /* Home.swift in Sources */ = {isa = PBXBuildFile; fileRef = D3DA39B728D59FCE00DA1670 /* Home.swift */; };
		D3DA39BA28D6D91C00DA1670 /* MainARView.swift in Sources */ = {isa = PBXBuildFile; fileRef = D3DA39B928D6D91C00DA1670 /* MainARView.swift */; };
		D3DA39C128D6DBEE00DA1670 /* MainARViewContainer.swift in Sources */ = {isa = PBXBuildFile; fileRef = D3DA39C028D6DBEE00DA1670 /* MainARViewContainer.swift */; };
		D3DA39C428D6DCA100DA1670 /* CSharp.swift in Sources */ = {isa = PBXBuildFile; fileRef = D3DA39C328D6DCA100DA1670 /* CSharp.swift */; };
		D3DA39C628D6EB2100DA1670 /* higanbana.usdz in Resources */ = {isa = PBXBuildFile; fileRef = D3DA39C528D6EB2000DA1670 /* higanbana.usdz */; };
		D3DA39C928D6EBB100DA1670 /* ezoshikashiyuri.usdz in Resources */ = {isa = PBXBuildFile; fileRef = D3DA39C828D6EBB100DA1670 /* ezoshikashiyuri.usdz */; };
		D3DA39CB28D6EBE000DA1670 /* oniyuri.usdz in Resources */ = {isa = PBXBuildFile; fileRef = D3DA39CA28D6EBDF00DA1670 /* oniyuri.usdz */; };
		D3DA39CD28D6EC4900DA1670 /* tsukushibara.usdz in Resources */ = {isa = PBXBuildFile; fileRef = D3DA39CC28D6EC4900DA1670 /* tsukushibara.usdz */; };
		D3DA39CF28D6EC6A00DA1670 /* ezokisuge.usdz in Resources */ = {isa = PBXBuildFile; fileRef = D3DA39CE28D6EC6A00DA1670 /* ezokisuge.usdz */; };
		D3DA39D128D6EC9000DA1670 /* isotutudi.usdz in Resources */ = {isa = PBXBuildFile; fileRef = D3DA39D028D6EC9000DA1670 /* isotutudi.usdz */; };
		D3DA39D328D6ECAC00DA1670 /* hanamasu.usdz in Resources */ = {isa = PBXBuildFile; fileRef = D3DA39D228D6ECAC00DA1670 /* hanamasu.usdz */; };
		D3DA39D528D6ECD000DA1670 /* yazukanzo.usdz in Resources */ = {isa = PBXBuildFile; fileRef = D3DA39D428D6ECD000DA1670 /* yazukanzo.usdz */; };
		D3DA39D728D6ECFF00DA1670 /* hamaboh.usdz in Resources */ = {isa = PBXBuildFile; fileRef = D3DA39D628D6ECFF00DA1670 /* hamaboh.usdz */; };
		D3DA39D928D6ED2500DA1670 /* yamatutudi.usdz in Resources */ = {isa = PBXBuildFile; fileRef = D3DA39D828D6ED2500DA1670 /* yamatutudi.usdz */; };
		D3DA39DB28D6ED5900DA1670 /* umanoashigata.usdz in Resources */ = {isa = PBXBuildFile; fileRef = D3DA39DA28D6ED5900DA1670 /* umanoashigata.usdz */; };
		D3DA39DD28D6ED6300DA1670 /* satsuki.usdz in Resources */ = {isa = PBXBuildFile; fileRef = D3DA39DC28D6ED6300DA1670 /* satsuki.usdz */; };
		D3DA39DF28D6EDA400DA1670 /* hiradotutuji.usdz in Resources */ = {isa = PBXBuildFile; fileRef = D3DA39DE28D6EDA400DA1670 /* hiradotutuji.usdz */; };
		D3DA39E128D6EDC800DA1670 /* kusaichigo.usdz in Resources */ = {isa = PBXBuildFile; fileRef = D3DA39E028D6EDC800DA1670 /* kusaichigo.usdz */; };
/* End PBXBuildFile section */

/* Begin PBXContainerItemProxy section */
		D3DA398628D5913700DA1670 /* PBXContainerItemProxy */ = {
			isa = PBXContainerItemProxy;
			containerPortal = D3DA396B28D5913400DA1670 /* Project object */;
			proxyType = 1;
			remoteGlobalIDString = D3DA397228D5913500DA1670;
			remoteInfo = BouquetApp;
		};
		D3DA399028D5913700DA1670 /* PBXContainerItemProxy */ = {
			isa = PBXContainerItemProxy;
			containerPortal = D3DA396B28D5913400DA1670 /* Project object */;
			proxyType = 1;
			remoteGlobalIDString = D3DA397228D5913500DA1670;
			remoteInfo = BouquetApp;
		};
/* End PBXContainerItemProxy section */

/* Begin PBXFileReference section */
		D32D35D828D83F9C0094170D /* GoogleService-Info.plist */ = {isa = PBXFileReference; fileEncoding = 4; lastKnownFileType = text.plist.xml; path = "GoogleService-Info.plist"; sourceTree = "<group>"; };
		D32D35DF28D843DA0094170D /* higanbana.scn */ = {isa = PBXFileReference; lastKnownFileType = file.bplist; path = higanbana.scn; sourceTree = "<group>"; };
		D32D35E228D8446C0094170D /* ezokisuge.scn */ = {isa = PBXFileReference; lastKnownFileType = file.bplist; path = ezokisuge.scn; sourceTree = "<group>"; };
		D32D35E428D8451B0094170D /* yabukanzo.scn */ = {isa = PBXFileReference; lastKnownFileType = file.bplist; path = yabukanzo.scn; sourceTree = "<group>"; };
		D32D35E628D845570094170D /* oniyuri.scn */ = {isa = PBXFileReference; lastKnownFileType = file.bplist; path = oniyuri.scn; sourceTree = "<group>"; };
		D32D35E828D845FC0094170D /* isotutudi.scn */ = {isa = PBXFileReference; lastKnownFileType = file.bplist; path = isotutudi.scn; sourceTree = "<group>"; };
		D32D35EA28D846220094170D /* yamatutudi.scn */ = {isa = PBXFileReference; lastKnownFileType = file.bplist; path = yamatutudi.scn; sourceTree = "<group>"; };
		D32D35EC28D846A30094170D /* kusaichigo.scn */ = {isa = PBXFileReference; lastKnownFileType = file.bplist; path = kusaichigo.scn; sourceTree = "<group>"; };
		D32D35EE28D846DC0094170D /* hanamasu.scn */ = {isa = PBXFileReference; lastKnownFileType = file; name = hanamasu.scn; path = BouquetApp/UsdzAssets/hanamasu.scn; sourceTree = SOURCE_ROOT; };
		D32D35F028D847120094170D /* hamaboh.scn */ = {isa = PBXFileReference; lastKnownFileType = file; name = hamaboh.scn; path = BouquetApp/UsdzAssets/hamaboh.scn; sourceTree = SOURCE_ROOT; };
		D32D35F228D847530094170D /* satsuki.scn */ = {isa = PBXFileReference; lastKnownFileType = file; name = satsuki.scn; path = BouquetApp/UsdzAssets/satsuki.scn; sourceTree = SOURCE_ROOT; };
		D32D35F428D847820094170D /* hiradotutuji.scn */ = {isa = PBXFileReference; lastKnownFileType = file; name = hiradotutuji.scn; path = BouquetApp/UsdzAssets/hiradotutuji.scn; sourceTree = SOURCE_ROOT; };
		D32D35F628D847DE0094170D /* umanoashigata.scn */ = {isa = PBXFileReference; lastKnownFileType = file; name = umanoashigata.scn; path = BouquetApp/UsdzAssets/umanoashigata.scn; sourceTree = SOURCE_ROOT; };
		D32D35F828D848150094170D /* tsukushibara.scn */ = {isa = PBXFileReference; lastKnownFileType = file; name = tsukushibara.scn; path = BouquetApp/UsdzAssets/tsukushibara.scn; sourceTree = SOURCE_ROOT; };
		D32D35FA28D848610094170D /* ezoshikashiyuri.scn */ = {isa = PBXFileReference; lastKnownFileType = file.bplist; path = ezoshikashiyuri.scn; sourceTree = "<group>"; };
		D32D35FC28D849770094170D /* FlowerList.swift */ = {isa = PBXFileReference; lastKnownFileType = sourcecode.swift; path = FlowerList.swift; sourceTree = "<group>"; };
		D32D35FE28D84A390094170D /* CustomFlowerSceneView.swift */ = {isa = PBXFileReference; lastKnownFileType = sourcecode.swift; path = CustomFlowerSceneView.swift; sourceTree = "<group>"; };
		D3DA397328D5913500DA1670 /* BouquetApp.app */ = {isa = PBXFileReference; explicitFileType = wrapper.application; includeInIndex = 0; path = BouquetApp.app; sourceTree = BUILT_PRODUCTS_DIR; };
		D3DA397628D5913500DA1670 /* AppDelegate.swift */ = {isa = PBXFileReference; lastKnownFileType = sourcecode.swift; path = AppDelegate.swift; sourceTree = "<group>"; };
		D3DA397828D5913500DA1670 /* ContentView.swift */ = {isa = PBXFileReference; lastKnownFileType = sourcecode.swift; path = ContentView.swift; sourceTree = "<group>"; };
		D3DA397A28D5913500DA1670 /* Experience.rcproject */ = {isa = PBXFileReference; lastKnownFileType = file.rcproject; path = Experience.rcproject; sourceTree = "<group>"; };
		D3DA397C28D5913700DA1670 /* Assets.xcassets */ = {isa = PBXFileReference; lastKnownFileType = folder.assetcatalog; path = Assets.xcassets; sourceTree = "<group>"; };
		D3DA397F28D5913700DA1670 /* Preview Assets.xcassets */ = {isa = PBXFileReference; lastKnownFileType = folder.assetcatalog; path = "Preview Assets.xcassets"; sourceTree = "<group>"; };
		D3DA398528D5913700DA1670 /* BouquetAppTests.xctest */ = {isa = PBXFileReference; explicitFileType = wrapper.cfbundle; includeInIndex = 0; path = BouquetAppTests.xctest; sourceTree = BUILT_PRODUCTS_DIR; };
		D3DA398928D5913700DA1670 /* BouquetAppTests.swift */ = {isa = PBXFileReference; lastKnownFileType = sourcecode.swift; path = BouquetAppTests.swift; sourceTree = "<group>"; };
		D3DA398F28D5913700DA1670 /* BouquetAppUITests.xctest */ = {isa = PBXFileReference; explicitFileType = wrapper.cfbundle; includeInIndex = 0; path = BouquetAppUITests.xctest; sourceTree = BUILT_PRODUCTS_DIR; };
		D3DA399328D5913700DA1670 /* BouquetAppUITests.swift */ = {isa = PBXFileReference; lastKnownFileType = sourcecode.swift; path = BouquetAppUITests.swift; sourceTree = "<group>"; };
		D3DA399528D5913700DA1670 /* BouquetAppUITestsLaunchTests.swift */ = {isa = PBXFileReference; lastKnownFileType = sourcecode.swift; path = BouquetAppUITestsLaunchTests.swift; sourceTree = "<group>"; };
		D3DA39B728D59FCE00DA1670 /* Home.swift */ = {isa = PBXFileReference; lastKnownFileType = sourcecode.swift; path = Home.swift; sourceTree = "<group>"; };
		D3DA39B928D6D91C00DA1670 /* MainARView.swift */ = {isa = PBXFileReference; lastKnownFileType = sourcecode.swift; path = MainARView.swift; sourceTree = "<group>"; };
		D3DA39C028D6DBEE00DA1670 /* MainARViewContainer.swift */ = {isa = PBXFileReference; lastKnownFileType = sourcecode.swift; path = MainARViewContainer.swift; sourceTree = "<group>"; };
		D3DA39C328D6DCA100DA1670 /* CSharp.swift */ = {isa = PBXFileReference; lastKnownFileType = sourcecode.swift; path = CSharp.swift; sourceTree = "<group>"; };
		D3DA39C528D6EB2000DA1670 /* higanbana.usdz */ = {isa = PBXFileReference; lastKnownFileType = file.usdz; path = higanbana.usdz; sourceTree = "<group>"; };
		D3DA39C828D6EBB100DA1670 /* ezoshikashiyuri.usdz */ = {isa = PBXFileReference; lastKnownFileType = file.usdz; path = ezoshikashiyuri.usdz; sourceTree = "<group>"; };
		D3DA39CA28D6EBDF00DA1670 /* oniyuri.usdz */ = {isa = PBXFileReference; lastKnownFileType = file.usdz; path = oniyuri.usdz; sourceTree = "<group>"; };
		D3DA39CC28D6EC4900DA1670 /* tsukushibara.usdz */ = {isa = PBXFileReference; lastKnownFileType = file.usdz; path = tsukushibara.usdz; sourceTree = "<group>"; };
		D3DA39CE28D6EC6A00DA1670 /* ezokisuge.usdz */ = {isa = PBXFileReference; lastKnownFileType = file.usdz; path = ezokisuge.usdz; sourceTree = "<group>"; };
		D3DA39D028D6EC9000DA1670 /* isotutudi.usdz */ = {isa = PBXFileReference; lastKnownFileType = file.usdz; path = isotutudi.usdz; sourceTree = "<group>"; };
		D3DA39D228D6ECAC00DA1670 /* hanamasu.usdz */ = {isa = PBXFileReference; lastKnownFileType = file.usdz; path = hanamasu.usdz; sourceTree = "<group>"; };
		D3DA39D428D6ECD000DA1670 /* yazukanzo.usdz */ = {isa = PBXFileReference; lastKnownFileType = file.usdz; path = yazukanzo.usdz; sourceTree = "<group>"; };
		D3DA39D628D6ECFF00DA1670 /* hamaboh.usdz */ = {isa = PBXFileReference; lastKnownFileType = file.usdz; path = hamaboh.usdz; sourceTree = "<group>"; };
		D3DA39D828D6ED2500DA1670 /* yamatutudi.usdz */ = {isa = PBXFileReference; lastKnownFileType = file.usdz; path = yamatutudi.usdz; sourceTree = "<group>"; };
		D3DA39DA28D6ED5900DA1670 /* umanoashigata.usdz */ = {isa = PBXFileReference; lastKnownFileType = file.usdz; path = umanoashigata.usdz; sourceTree = "<group>"; };
		D3DA39DC28D6ED6300DA1670 /* satsuki.usdz */ = {isa = PBXFileReference; lastKnownFileType = file.usdz; path = satsuki.usdz; sourceTree = "<group>"; };
		D3DA39DE28D6EDA400DA1670 /* hiradotutuji.usdz */ = {isa = PBXFileReference; lastKnownFileType = file.usdz; path = hiradotutuji.usdz; sourceTree = "<group>"; };
		D3DA39E028D6EDC800DA1670 /* kusaichigo.usdz */ = {isa = PBXFileReference; lastKnownFileType = file.usdz; path = kusaichigo.usdz; sourceTree = "<group>"; };
/* End PBXFileReference section */

/* Begin PBXFrameworksBuildPhase section */
		D3DA397028D5913500DA1670 /* Frameworks */ = {
			isa = PBXFrameworksBuildPhase;
			buildActionMask = 2147483647;
			files = (
				D3DA39A728D593CB00DA1670 /* MultipeerHelper in Frameworks */,
				D3DA39AA28D5978A00DA1670 /* FirebaseAuth in Frameworks */,
				D3DA39B228D5978A00DA1670 /* FirebaseFirestoreSwift in Frameworks */,
				D3DA39B028D5978A00DA1670 /* FirebaseFirestoreCombine-Community in Frameworks */,
				D3DA39B428D5978A00DA1670 /* FirebaseStorage in Frameworks */,
				D3DA39AE28D5978A00DA1670 /* FirebaseFirestore in Frameworks */,
				D3DA39B628D5978A00DA1670 /* FirebaseStorageCombine-Community in Frameworks */,
				D3DA39AC28D5978A00DA1670 /* FirebaseAuthCombine-Community in Frameworks */,
			);
			runOnlyForDeploymentPostprocessing = 0;
		};
		D3DA398228D5913700DA1670 /* Frameworks */ = {
			isa = PBXFrameworksBuildPhase;
			buildActionMask = 2147483647;
			files = (
			);
			runOnlyForDeploymentPostprocessing = 0;
		};
		D3DA398C28D5913700DA1670 /* Frameworks */ = {
			isa = PBXFrameworksBuildPhase;
			buildActionMask = 2147483647;
			files = (
			);
			runOnlyForDeploymentPostprocessing = 0;
		};
/* End PBXFrameworksBuildPhase section */

/* Begin PBXGroup section */
		D32D35DA28D840310094170D /* Manager */ = {
			isa = PBXGroup;
			children = (
			);
			path = Manager;
			sourceTree = "<group>";
		};
		D32D35E128D8440C0094170D /* ScnAssets */ = {
			isa = PBXGroup;
			children = (
				D32D35F828D848150094170D /* tsukushibara.scn */,
				D32D35F628D847DE0094170D /* umanoashigata.scn */,
				D32D35F428D847820094170D /* hiradotutuji.scn */,
				D32D35F228D847530094170D /* satsuki.scn */,
				D32D35F028D847120094170D /* hamaboh.scn */,
				D32D35EE28D846DC0094170D /* hanamasu.scn */,
				D32D35DF28D843DA0094170D /* higanbana.scn */,
				D32D35E228D8446C0094170D /* ezokisuge.scn */,
				D32D35EC28D846A30094170D /* kusaichigo.scn */,
				D32D35E628D845570094170D /* oniyuri.scn */,
				D32D35E828D845FC0094170D /* isotutudi.scn */,
				D32D35FA28D848610094170D /* ezoshikashiyuri.scn */,
				D32D35E428D8451B0094170D /* yabukanzo.scn */,
				D32D35EA28D846220094170D /* yamatutudi.scn */,
			);
			path = ScnAssets;
			sourceTree = "<group>";
		};
		D3DA396A28D5913400DA1670 = {
			isa = PBXGroup;
			children = (
				D3DA397528D5913500DA1670 /* BouquetApp */,
				D3DA398828D5913700DA1670 /* BouquetAppTests */,
				D3DA399228D5913700DA1670 /* BouquetAppUITests */,
				D3DA397428D5913500DA1670 /* Products */,
			);
			sourceTree = "<group>";
		};
		D3DA397428D5913500DA1670 /* Products */ = {
			isa = PBXGroup;
			children = (
				D3DA397328D5913500DA1670 /* BouquetApp.app */,
				D3DA398528D5913700DA1670 /* BouquetAppTests.xctest */,
				D3DA398F28D5913700DA1670 /* BouquetAppUITests.xctest */,
			);
			name = Products;
			sourceTree = "<group>";
		};
		D3DA397528D5913500DA1670 /* BouquetApp */ = {
			isa = PBXGroup;
			children = (
				D32D35E128D8440C0094170D /* ScnAssets */,
				D32D35DA28D840310094170D /* Manager */,
				D32D35D828D83F9C0094170D /* GoogleService-Info.plist */,
				D3DA39C728D6EB2E00DA1670 /* UsdzAssets */,
				D3DA39C228D6DC8B00DA1670 /* ViewModifier */,
				D3DA39BF28D6DBD100DA1670 /* ViewModel */,
				D3DA39BE28D6DBC100DA1670 /* ViewParts */,
				D3DA39BD28D6DBB500DA1670 /* ViewContainer */,
				D3DA39BB28D6D92400DA1670 /* View */,
				D3DA397628D5913500DA1670 /* AppDelegate.swift */,
				D3DA397828D5913500DA1670 /* ContentView.swift */,
				D3DA397A28D5913500DA1670 /* Experience.rcproject */,
				D3DA397C28D5913700DA1670 /* Assets.xcassets */,
				D3DA397E28D5913700DA1670 /* Preview Content */,
			);
			path = BouquetApp;
			sourceTree = "<group>";
		};
		D3DA397E28D5913700DA1670 /* Preview Content */ = {
			isa = PBXGroup;
			children = (
				D3DA397F28D5913700DA1670 /* Preview Assets.xcassets */,
			);
			path = "Preview Content";
			sourceTree = "<group>";
		};
		D3DA398828D5913700DA1670 /* BouquetAppTests */ = {
			isa = PBXGroup;
			children = (
				D3DA398928D5913700DA1670 /* BouquetAppTests.swift */,
			);
			path = BouquetAppTests;
			sourceTree = "<group>";
		};
		D3DA399228D5913700DA1670 /* BouquetAppUITests */ = {
			isa = PBXGroup;
			children = (
				D3DA399328D5913700DA1670 /* BouquetAppUITests.swift */,
				D3DA399528D5913700DA1670 /* BouquetAppUITestsLaunchTests.swift */,
			);
			path = BouquetAppUITests;
			sourceTree = "<group>";
		};
		D3DA39BB28D6D92400DA1670 /* View */ = {
			isa = PBXGroup;
			children = (
				D3DA39B728D59FCE00DA1670 /* Home.swift */,
				D3DA39B928D6D91C00DA1670 /* MainARView.swift */,
				D32D35FC28D849770094170D /* FlowerList.swift */,
			);
			path = View;
			sourceTree = "<group>";
		};
		D3DA39BD28D6DBB500DA1670 /* ViewContainer */ = {
			isa = PBXGroup;
			children = (
				D3DA39C028D6DBEE00DA1670 /* MainARViewContainer.swift */,
			);
			path = ViewContainer;
			sourceTree = "<group>";
		};
		D3DA39BE28D6DBC100DA1670 /* ViewParts */ = {
			isa = PBXGroup;
			children = (
				D32D35FE28D84A390094170D /* CustomFlowerSceneView.swift */,
			);
			path = ViewParts;
			sourceTree = "<group>";
		};
		D3DA39BF28D6DBD100DA1670 /* ViewModel */ = {
			isa = PBXGroup;
			children = (
			);
			path = ViewModel;
			sourceTree = "<group>";
		};
		D3DA39C228D6DC8B00DA1670 /* ViewModifier */ = {
			isa = PBXGroup;
			children = (
				D3DA39C328D6DCA100DA1670 /* CSharp.swift */,
			);
			path = ViewModifier;
			sourceTree = "<group>";
		};
		D3DA39C728D6EB2E00DA1670 /* UsdzAssets */ = {
			isa = PBXGroup;
			children = (
				D3DA39C528D6EB2000DA1670 /* higanbana.usdz */,
				D3DA39CE28D6EC6A00DA1670 /* ezokisuge.usdz */,
				D3DA39D428D6ECD000DA1670 /* yazukanzo.usdz */,
				D3DA39CA28D6EBDF00DA1670 /* oniyuri.usdz */,
				D3DA39D028D6EC9000DA1670 /* isotutudi.usdz */,
				D3DA39D828D6ED2500DA1670 /* yamatutudi.usdz */,
				D3DA39E028D6EDC800DA1670 /* kusaichigo.usdz */,
				D3DA39D228D6ECAC00DA1670 /* hanamasu.usdz */,
				D3DA39D628D6ECFF00DA1670 /* hamaboh.usdz */,
				D3DA39DC28D6ED6300DA1670 /* satsuki.usdz */,
				D3DA39DE28D6EDA400DA1670 /* hiradotutuji.usdz */,
				D3DA39DA28D6ED5900DA1670 /* umanoashigata.usdz */,
				D3DA39CC28D6EC4900DA1670 /* tsukushibara.usdz */,
				D3DA39C828D6EBB100DA1670 /* ezoshikashiyuri.usdz */,
			);
			path = UsdzAssets;
			sourceTree = "<group>";
		};
/* End PBXGroup section */

/* Begin PBXNativeTarget section */
		D3DA397228D5913500DA1670 /* BouquetApp */ = {
			isa = PBXNativeTarget;
			buildConfigurationList = D3DA399928D5913700DA1670 /* Build configuration list for PBXNativeTarget "BouquetApp" */;
			buildPhases = (
				D3DA396F28D5913500DA1670 /* Sources */,
				D3DA397028D5913500DA1670 /* Frameworks */,
				D3DA397128D5913500DA1670 /* Resources */,
			);
			buildRules = (
			);
			dependencies = (
			);
			name = BouquetApp;
			packageProductDependencies = (
				D3DA39A628D593CB00DA1670 /* MultipeerHelper */,
				D3DA39A928D5978A00DA1670 /* FirebaseAuth */,
				D3DA39AB28D5978A00DA1670 /* FirebaseAuthCombine-Community */,
				D3DA39AD28D5978A00DA1670 /* FirebaseFirestore */,
				D3DA39AF28D5978A00DA1670 /* FirebaseFirestoreCombine-Community */,
				D3DA39B128D5978A00DA1670 /* FirebaseFirestoreSwift */,
				D3DA39B328D5978A00DA1670 /* FirebaseStorage */,
				D3DA39B528D5978A00DA1670 /* FirebaseStorageCombine-Community */,
			);
			productName = BouquetApp;
			productReference = D3DA397328D5913500DA1670 /* BouquetApp.app */;
			productType = "com.apple.product-type.application";
		};
		D3DA398428D5913700DA1670 /* BouquetAppTests */ = {
			isa = PBXNativeTarget;
			buildConfigurationList = D3DA399C28D5913700DA1670 /* Build configuration list for PBXNativeTarget "BouquetAppTests" */;
			buildPhases = (
				D3DA398128D5913700DA1670 /* Sources */,
				D3DA398228D5913700DA1670 /* Frameworks */,
				D3DA398328D5913700DA1670 /* Resources */,
			);
			buildRules = (
			);
			dependencies = (
				D3DA398728D5913700DA1670 /* PBXTargetDependency */,
			);
			name = BouquetAppTests;
			productName = BouquetAppTests;
			productReference = D3DA398528D5913700DA1670 /* BouquetAppTests.xctest */;
			productType = "com.apple.product-type.bundle.unit-test";
		};
		D3DA398E28D5913700DA1670 /* BouquetAppUITests */ = {
			isa = PBXNativeTarget;
			buildConfigurationList = D3DA399F28D5913700DA1670 /* Build configuration list for PBXNativeTarget "BouquetAppUITests" */;
			buildPhases = (
				D3DA398B28D5913700DA1670 /* Sources */,
				D3DA398C28D5913700DA1670 /* Frameworks */,
				D3DA398D28D5913700DA1670 /* Resources */,
			);
			buildRules = (
			);
			dependencies = (
				D3DA399128D5913700DA1670 /* PBXTargetDependency */,
			);
			name = BouquetAppUITests;
			productName = BouquetAppUITests;
			productReference = D3DA398F28D5913700DA1670 /* BouquetAppUITests.xctest */;
			productType = "com.apple.product-type.bundle.ui-testing";
		};
/* End PBXNativeTarget section */

/* Begin PBXProject section */
		D3DA396B28D5913400DA1670 /* Project object */ = {
			isa = PBXProject;
			attributes = {
				BuildIndependentTargetsInParallel = 1;
				LastSwiftUpdateCheck = 1400;
				LastUpgradeCheck = 1400;
				TargetAttributes = {
					D3DA397228D5913500DA1670 = {
						CreatedOnToolsVersion = 14.0;
					};
					D3DA398428D5913700DA1670 = {
						CreatedOnToolsVersion = 14.0;
						TestTargetID = D3DA397228D5913500DA1670;
					};
					D3DA398E28D5913700DA1670 = {
						CreatedOnToolsVersion = 14.0;
						TestTargetID = D3DA397228D5913500DA1670;
					};
				};
			};
			buildConfigurationList = D3DA396E28D5913400DA1670 /* Build configuration list for PBXProject "BouquetApp" */;
			compatibilityVersion = "Xcode 14.0";
			developmentRegion = en;
			hasScannedForEncodings = 0;
			knownRegions = (
				en,
				Base,
			);
			mainGroup = D3DA396A28D5913400DA1670;
			packageReferences = (
				D3DA39A528D593CB00DA1670 /* XCRemoteSwiftPackageReference "MultipeerHelper" */,
				D3DA39A828D5978A00DA1670 /* XCRemoteSwiftPackageReference "firebase-ios-sdk" */,
			);
			productRefGroup = D3DA397428D5913500DA1670 /* Products */;
			projectDirPath = "";
			projectRoot = "";
			targets = (
				D3DA397228D5913500DA1670 /* BouquetApp */,
				D3DA398428D5913700DA1670 /* BouquetAppTests */,
				D3DA398E28D5913700DA1670 /* BouquetAppUITests */,
			);
		};
/* End PBXProject section */

/* Begin PBXResourcesBuildPhase section */
		D3DA397128D5913500DA1670 /* Resources */ = {
			isa = PBXResourcesBuildPhase;
			buildActionMask = 2147483647;
			files = (
				D3DA39D128D6EC9000DA1670 /* isotutudi.usdz in Resources */,
				D3DA39DB28D6ED5900DA1670 /* umanoashigata.usdz in Resources */,
				D32D35E028D843DA0094170D /* higanbana.scn in Resources */,
				D3DA39D728D6ECFF00DA1670 /* hamaboh.usdz in Resources */,
				D32D35D928D83F9C0094170D /* GoogleService-Info.plist in Resources */,
				D3DA398028D5913700DA1670 /* Preview Assets.xcassets in Resources */,
				D32D35F328D847530094170D /* satsuki.scn in Resources */,
				D32D35EB28D846220094170D /* yamatutudi.scn in Resources */,
				D32D35F928D848150094170D /* tsukushibara.scn in Resources */,
				D32D35ED28D846A30094170D /* kusaichigo.scn in Resources */,
				D32D35EF28D846DC0094170D /* hanamasu.scn in Resources */,
				D3DA397D28D5913700DA1670 /* Assets.xcassets in Resources */,
				D32D35E728D845570094170D /* oniyuri.scn in Resources */,
				D32D35F728D847DE0094170D /* umanoashigata.scn in Resources */,
				D32D35E328D8446C0094170D /* ezokisuge.scn in Resources */,
				D3DA39C928D6EBB100DA1670 /* ezoshikashiyuri.usdz in Resources */,
				D32D35FB28D848610094170D /* ezoshikashiyuri.scn in Resources */,
				D32D35F528D847820094170D /* hiradotutuji.scn in Resources */,
				D3DA39CF28D6EC6A00DA1670 /* ezokisuge.usdz in Resources */,
				D3DA39E128D6EDC800DA1670 /* kusaichigo.usdz in Resources */,
				D32D35E528D8451B0094170D /* yabukanzo.scn in Resources */,
				D3DA39D328D6ECAC00DA1670 /* hanamasu.usdz in Resources */,
				D32D35F128D847120094170D /* hamaboh.scn in Resources */,
				D3DA39CD28D6EC4900DA1670 /* tsukushibara.usdz in Resources */,
				D3DA39D528D6ECD000DA1670 /* yazukanzo.usdz in Resources */,
				D3DA39C628D6EB2100DA1670 /* higanbana.usdz in Resources */,
				D3DA39CB28D6EBE000DA1670 /* oniyuri.usdz in Resources */,
				D3DA39D928D6ED2500DA1670 /* yamatutudi.usdz in Resources */,
				D3DA39DF28D6EDA400DA1670 /* hiradotutuji.usdz in Resources */,
				D3DA39DD28D6ED6300DA1670 /* satsuki.usdz in Resources */,
				D32D35E928D845FC0094170D /* isotutudi.scn in Resources */,
			);
			runOnlyForDeploymentPostprocessing = 0;
		};
		D3DA398328D5913700DA1670 /* Resources */ = {
			isa = PBXResourcesBuildPhase;
			buildActionMask = 2147483647;
			files = (
			);
			runOnlyForDeploymentPostprocessing = 0;
		};
		D3DA398D28D5913700DA1670 /* Resources */ = {
			isa = PBXResourcesBuildPhase;
			buildActionMask = 2147483647;
			files = (
			);
			runOnlyForDeploymentPostprocessing = 0;
		};
/* End PBXResourcesBuildPhase section */

/* Begin PBXSourcesBuildPhase section */
		D3DA396F28D5913500DA1670 /* Sources */ = {
			isa = PBXSourcesBuildPhase;
			buildActionMask = 2147483647;
			files = (
				D3DA39C128D6DBEE00DA1670 /* MainARViewContainer.swift in Sources */,
				D3DA397928D5913500DA1670 /* ContentView.swift in Sources */,
				D3DA397728D5913500DA1670 /* AppDelegate.swift in Sources */,
				D3DA39B828D59FCE00DA1670 /* Home.swift in Sources */,
				D3DA397B28D5913500DA1670 /* Experience.rcproject in Sources */,
				D3DA39C428D6DCA100DA1670 /* CSharp.swift in Sources */,
				D32D35FD28D849770094170D /* FlowerList.swift in Sources */,
				D3DA39BA28D6D91C00DA1670 /* MainARView.swift in Sources */,
				D32D35FF28D84A390094170D /* CustomFlowerSceneView.swift in Sources */,
			);
			runOnlyForDeploymentPostprocessing = 0;
		};
		D3DA398128D5913700DA1670 /* Sources */ = {
			isa = PBXSourcesBuildPhase;
			buildActionMask = 2147483647;
			files = (
				D3DA398A28D5913700DA1670 /* BouquetAppTests.swift in Sources */,
			);
			runOnlyForDeploymentPostprocessing = 0;
		};
		D3DA398B28D5913700DA1670 /* Sources */ = {
			isa = PBXSourcesBuildPhase;
			buildActionMask = 2147483647;
			files = (
				D3DA399628D5913700DA1670 /* BouquetAppUITestsLaunchTests.swift in Sources */,
				D3DA399428D5913700DA1670 /* BouquetAppUITests.swift in Sources */,
			);
			runOnlyForDeploymentPostprocessing = 0;
		};
/* End PBXSourcesBuildPhase section */

/* Begin PBXTargetDependency section */
		D3DA398728D5913700DA1670 /* PBXTargetDependency */ = {
			isa = PBXTargetDependency;
			target = D3DA397228D5913500DA1670 /* BouquetApp */;
			targetProxy = D3DA398628D5913700DA1670 /* PBXContainerItemProxy */;
		};
		D3DA399128D5913700DA1670 /* PBXTargetDependency */ = {
			isa = PBXTargetDependency;
			target = D3DA397228D5913500DA1670 /* BouquetApp */;
			targetProxy = D3DA399028D5913700DA1670 /* PBXContainerItemProxy */;
		};
/* End PBXTargetDependency section */

/* Begin XCBuildConfiguration section */
		D3DA399728D5913700DA1670 /* Debug */ = {
			isa = XCBuildConfiguration;
			buildSettings = {
				ALWAYS_SEARCH_USER_PATHS = NO;
				CLANG_ANALYZER_NONNULL = YES;
				CLANG_ANALYZER_NUMBER_OBJECT_CONVERSION = YES_AGGRESSIVE;
				CLANG_CXX_LANGUAGE_STANDARD = "gnu++20";
				CLANG_ENABLE_MODULES = YES;
				CLANG_ENABLE_OBJC_ARC = YES;
				CLANG_ENABLE_OBJC_WEAK = YES;
				CLANG_WARN_BLOCK_CAPTURE_AUTORELEASING = YES;
				CLANG_WARN_BOOL_CONVERSION = YES;
				CLANG_WARN_COMMA = YES;
				CLANG_WARN_CONSTANT_CONVERSION = YES;
				CLANG_WARN_DEPRECATED_OBJC_IMPLEMENTATIONS = YES;
				CLANG_WARN_DIRECT_OBJC_ISA_USAGE = YES_ERROR;
				CLANG_WARN_DOCUMENTATION_COMMENTS = YES;
				CLANG_WARN_EMPTY_BODY = YES;
				CLANG_WARN_ENUM_CONVERSION = YES;
				CLANG_WARN_INFINITE_RECURSION = YES;
				CLANG_WARN_INT_CONVERSION = YES;
				CLANG_WARN_NON_LITERAL_NULL_CONVERSION = YES;
				CLANG_WARN_OBJC_IMPLICIT_RETAIN_SELF = YES;
				CLANG_WARN_OBJC_LITERAL_CONVERSION = YES;
				CLANG_WARN_OBJC_ROOT_CLASS = YES_ERROR;
				CLANG_WARN_QUOTED_INCLUDE_IN_FRAMEWORK_HEADER = YES;
				CLANG_WARN_RANGE_LOOP_ANALYSIS = YES;
				CLANG_WARN_STRICT_PROTOTYPES = YES;
				CLANG_WARN_SUSPICIOUS_MOVE = YES;
				CLANG_WARN_UNGUARDED_AVAILABILITY = YES_AGGRESSIVE;
				CLANG_WARN_UNREACHABLE_CODE = YES;
				CLANG_WARN__DUPLICATE_METHOD_MATCH = YES;
				COPY_PHASE_STRIP = NO;
				DEBUG_INFORMATION_FORMAT = dwarf;
				ENABLE_STRICT_OBJC_MSGSEND = YES;
				ENABLE_TESTABILITY = YES;
				GCC_C_LANGUAGE_STANDARD = gnu11;
				GCC_DYNAMIC_NO_PIC = NO;
				GCC_NO_COMMON_BLOCKS = YES;
				GCC_OPTIMIZATION_LEVEL = 0;
				GCC_PREPROCESSOR_DEFINITIONS = (
					"DEBUG=1",
					"$(inherited)",
				);
				GCC_WARN_64_TO_32_BIT_CONVERSION = YES;
				GCC_WARN_ABOUT_RETURN_TYPE = YES_ERROR;
				GCC_WARN_UNDECLARED_SELECTOR = YES;
				GCC_WARN_UNINITIALIZED_AUTOS = YES_AGGRESSIVE;
				GCC_WARN_UNUSED_FUNCTION = YES;
				GCC_WARN_UNUSED_VARIABLE = YES;
				IPHONEOS_DEPLOYMENT_TARGET = 16.0;
				MTL_ENABLE_DEBUG_INFO = INCLUDE_SOURCE;
				MTL_FAST_MATH = YES;
				ONLY_ACTIVE_ARCH = YES;
				SDKROOT = iphoneos;
				SWIFT_ACTIVE_COMPILATION_CONDITIONS = DEBUG;
				SWIFT_OPTIMIZATION_LEVEL = "-Onone";
			};
			name = Debug;
		};
		D3DA399828D5913700DA1670 /* Release */ = {
			isa = XCBuildConfiguration;
			buildSettings = {
				ALWAYS_SEARCH_USER_PATHS = NO;
				CLANG_ANALYZER_NONNULL = YES;
				CLANG_ANALYZER_NUMBER_OBJECT_CONVERSION = YES_AGGRESSIVE;
				CLANG_CXX_LANGUAGE_STANDARD = "gnu++20";
				CLANG_ENABLE_MODULES = YES;
				CLANG_ENABLE_OBJC_ARC = YES;
				CLANG_ENABLE_OBJC_WEAK = YES;
				CLANG_WARN_BLOCK_CAPTURE_AUTORELEASING = YES;
				CLANG_WARN_BOOL_CONVERSION = YES;
				CLANG_WARN_COMMA = YES;
				CLANG_WARN_CONSTANT_CONVERSION = YES;
				CLANG_WARN_DEPRECATED_OBJC_IMPLEMENTATIONS = YES;
				CLANG_WARN_DIRECT_OBJC_ISA_USAGE = YES_ERROR;
				CLANG_WARN_DOCUMENTATION_COMMENTS = YES;
				CLANG_WARN_EMPTY_BODY = YES;
				CLANG_WARN_ENUM_CONVERSION = YES;
				CLANG_WARN_INFINITE_RECURSION = YES;
				CLANG_WARN_INT_CONVERSION = YES;
				CLANG_WARN_NON_LITERAL_NULL_CONVERSION = YES;
				CLANG_WARN_OBJC_IMPLICIT_RETAIN_SELF = YES;
				CLANG_WARN_OBJC_LITERAL_CONVERSION = YES;
				CLANG_WARN_OBJC_ROOT_CLASS = YES_ERROR;
				CLANG_WARN_QUOTED_INCLUDE_IN_FRAMEWORK_HEADER = YES;
				CLANG_WARN_RANGE_LOOP_ANALYSIS = YES;
				CLANG_WARN_STRICT_PROTOTYPES = YES;
				CLANG_WARN_SUSPICIOUS_MOVE = YES;
				CLANG_WARN_UNGUARDED_AVAILABILITY = YES_AGGRESSIVE;
				CLANG_WARN_UNREACHABLE_CODE = YES;
				CLANG_WARN__DUPLICATE_METHOD_MATCH = YES;
				COPY_PHASE_STRIP = NO;
				DEBUG_INFORMATION_FORMAT = "dwarf-with-dsym";
				ENABLE_NS_ASSERTIONS = NO;
				ENABLE_STRICT_OBJC_MSGSEND = YES;
				GCC_C_LANGUAGE_STANDARD = gnu11;
				GCC_NO_COMMON_BLOCKS = YES;
				GCC_WARN_64_TO_32_BIT_CONVERSION = YES;
				GCC_WARN_ABOUT_RETURN_TYPE = YES_ERROR;
				GCC_WARN_UNDECLARED_SELECTOR = YES;
				GCC_WARN_UNINITIALIZED_AUTOS = YES_AGGRESSIVE;
				GCC_WARN_UNUSED_FUNCTION = YES;
				GCC_WARN_UNUSED_VARIABLE = YES;
				IPHONEOS_DEPLOYMENT_TARGET = 16.0;
				MTL_ENABLE_DEBUG_INFO = NO;
				MTL_FAST_MATH = YES;
				SDKROOT = iphoneos;
				SWIFT_COMPILATION_MODE = wholemodule;
				SWIFT_OPTIMIZATION_LEVEL = "-O";
				VALIDATE_PRODUCT = YES;
			};
			name = Release;
		};
		D3DA399A28D5913700DA1670 /* Debug */ = {
			isa = XCBuildConfiguration;
			buildSettings = {
				ASSETCATALOG_COMPILER_APPICON_NAME = AppIcon;
				ASSETCATALOG_COMPILER_GLOBAL_ACCENT_COLOR_NAME = AccentColor;
				CODE_SIGN_STYLE = Automatic;
				CURRENT_PROJECT_VERSION = 1;
				DEVELOPMENT_ASSET_PATHS = "\"BouquetApp/Preview Content\"";
				DEVELOPMENT_TEAM = LSUSGUW6L4;
				ENABLE_PREVIEWS = YES;
				GENERATE_INFOPLIST_FILE = YES;
				INFOPLIST_KEY_NSCameraUsageDescription = "";
				INFOPLIST_KEY_UIApplicationSupportsIndirectInputEvents = YES;
				INFOPLIST_KEY_UILaunchScreen_Generation = YES;
				INFOPLIST_KEY_UIRequiredDeviceCapabilities = arkit;
				INFOPLIST_KEY_UIStatusBarHidden = YES;
				INFOPLIST_KEY_UISupportedInterfaceOrientations = UIInterfaceOrientationPortrait;
				LD_RUNPATH_SEARCH_PATHS = (
					"$(inherited)",
					"@executable_path/Frameworks",
				);
				MARKETING_VERSION = 1.0;
				PRODUCT_BUNDLE_IDENTIFIER = com.mizuki.BouquetApp;
				PRODUCT_NAME = "$(TARGET_NAME)";
				SUPPORTED_PLATFORMS = "iphoneos iphonesimulator";
				SUPPORTS_MACCATALYST = NO;
				SUPPORTS_MAC_DESIGNED_FOR_IPHONE_IPAD = NO;
				SWIFT_EMIT_LOC_STRINGS = YES;
				SWIFT_VERSION = 5.0;
				TARGETED_DEVICE_FAMILY = 1;
			};
			name = Debug;
		};
		D3DA399B28D5913700DA1670 /* Release */ = {
			isa = XCBuildConfiguration;
			buildSettings = {
				ASSETCATALOG_COMPILER_APPICON_NAME = AppIcon;
				ASSETCATALOG_COMPILER_GLOBAL_ACCENT_COLOR_NAME = AccentColor;
				CODE_SIGN_STYLE = Automatic;
				CURRENT_PROJECT_VERSION = 1;
				DEVELOPMENT_ASSET_PATHS = "\"BouquetApp/Preview Content\"";
				DEVELOPMENT_TEAM = LSUSGUW6L4;
				ENABLE_PREVIEWS = YES;
				GENERATE_INFOPLIST_FILE = YES;
				INFOPLIST_KEY_NSCameraUsageDescription = "";
				INFOPLIST_KEY_UIApplicationSupportsIndirectInputEvents = YES;
				INFOPLIST_KEY_UILaunchScreen_Generation = YES;
				INFOPLIST_KEY_UIRequiredDeviceCapabilities = arkit;
				INFOPLIST_KEY_UIStatusBarHidden = YES;
				INFOPLIST_KEY_UISupportedInterfaceOrientations = UIInterfaceOrientationPortrait;
				LD_RUNPATH_SEARCH_PATHS = (
					"$(inherited)",
					"@executable_path/Frameworks",
				);
				MARKETING_VERSION = 1.0;
				PRODUCT_BUNDLE_IDENTIFIER = com.mizuki.BouquetApp;
				PRODUCT_NAME = "$(TARGET_NAME)";
				SUPPORTED_PLATFORMS = "iphoneos iphonesimulator";
				SUPPORTS_MACCATALYST = NO;
				SUPPORTS_MAC_DESIGNED_FOR_IPHONE_IPAD = NO;
				SWIFT_EMIT_LOC_STRINGS = YES;
				SWIFT_VERSION = 5.0;
				TARGETED_DEVICE_FAMILY = 1;
			};
			name = Release;
		};
		D3DA399D28D5913700DA1670 /* Debug */ = {
			isa = XCBuildConfiguration;
			buildSettings = {
				ALWAYS_EMBED_SWIFT_STANDARD_LIBRARIES = YES;
				BUNDLE_LOADER = "$(TEST_HOST)";
				CODE_SIGN_STYLE = Automatic;
				CURRENT_PROJECT_VERSION = 1;
				DEVELOPMENT_TEAM = LSUSGUW6L4;
				GENERATE_INFOPLIST_FILE = YES;
				IPHONEOS_DEPLOYMENT_TARGET = 16.0;
				MARKETING_VERSION = 1.0;
				PRODUCT_BUNDLE_IDENTIFIER = com.mizuki.BouquetAppTests;
				PRODUCT_NAME = "$(TARGET_NAME)";
				SWIFT_EMIT_LOC_STRINGS = NO;
				SWIFT_VERSION = 5.0;
				TARGETED_DEVICE_FAMILY = "1,2";
				TEST_HOST = "$(BUILT_PRODUCTS_DIR)/BouquetApp.app/$(BUNDLE_EXECUTABLE_FOLDER_PATH)/BouquetApp";
			};
			name = Debug;
		};
		D3DA399E28D5913700DA1670 /* Release */ = {
			isa = XCBuildConfiguration;
			buildSettings = {
				ALWAYS_EMBED_SWIFT_STANDARD_LIBRARIES = YES;
				BUNDLE_LOADER = "$(TEST_HOST)";
				CODE_SIGN_STYLE = Automatic;
				CURRENT_PROJECT_VERSION = 1;
				DEVELOPMENT_TEAM = LSUSGUW6L4;
				GENERATE_INFOPLIST_FILE = YES;
				IPHONEOS_DEPLOYMENT_TARGET = 16.0;
				MARKETING_VERSION = 1.0;
				PRODUCT_BUNDLE_IDENTIFIER = com.mizuki.BouquetAppTests;
				PRODUCT_NAME = "$(TARGET_NAME)";
				SWIFT_EMIT_LOC_STRINGS = NO;
				SWIFT_VERSION = 5.0;
				TARGETED_DEVICE_FAMILY = "1,2";
				TEST_HOST = "$(BUILT_PRODUCTS_DIR)/BouquetApp.app/$(BUNDLE_EXECUTABLE_FOLDER_PATH)/BouquetApp";
			};
			name = Release;
		};
		D3DA39A028D5913700DA1670 /* Debug */ = {
			isa = XCBuildConfiguration;
			buildSettings = {
				ALWAYS_EMBED_SWIFT_STANDARD_LIBRARIES = YES;
				CODE_SIGN_STYLE = Automatic;
				CURRENT_PROJECT_VERSION = 1;
				DEVELOPMENT_TEAM = LSUSGUW6L4;
				GENERATE_INFOPLIST_FILE = YES;
				MARKETING_VERSION = 1.0;
				PRODUCT_BUNDLE_IDENTIFIER = com.mizuki.BouquetAppUITests;
				PRODUCT_NAME = "$(TARGET_NAME)";
				SWIFT_EMIT_LOC_STRINGS = NO;
				SWIFT_VERSION = 5.0;
				TARGETED_DEVICE_FAMILY = "1,2";
				TEST_TARGET_NAME = BouquetApp;
			};
			name = Debug;
		};
		D3DA39A128D5913700DA1670 /* Release */ = {
			isa = XCBuildConfiguration;
			buildSettings = {
				ALWAYS_EMBED_SWIFT_STANDARD_LIBRARIES = YES;
				CODE_SIGN_STYLE = Automatic;
				CURRENT_PROJECT_VERSION = 1;
				DEVELOPMENT_TEAM = LSUSGUW6L4;
				GENERATE_INFOPLIST_FILE = YES;
				MARKETING_VERSION = 1.0;
				PRODUCT_BUNDLE_IDENTIFIER = com.mizuki.BouquetAppUITests;
				PRODUCT_NAME = "$(TARGET_NAME)";
				SWIFT_EMIT_LOC_STRINGS = NO;
				SWIFT_VERSION = 5.0;
				TARGETED_DEVICE_FAMILY = "1,2";
				TEST_TARGET_NAME = BouquetApp;
			};
			name = Release;
		};
/* End XCBuildConfiguration section */

/* Begin XCConfigurationList section */
		D3DA396E28D5913400DA1670 /* Build configuration list for PBXProject "BouquetApp" */ = {
			isa = XCConfigurationList;
			buildConfigurations = (
				D3DA399728D5913700DA1670 /* Debug */,
				D3DA399828D5913700DA1670 /* Release */,
			);
			defaultConfigurationIsVisible = 0;
			defaultConfigurationName = Release;
		};
		D3DA399928D5913700DA1670 /* Build configuration list for PBXNativeTarget "BouquetApp" */ = {
			isa = XCConfigurationList;
			buildConfigurations = (
				D3DA399A28D5913700DA1670 /* Debug */,
				D3DA399B28D5913700DA1670 /* Release */,
			);
			defaultConfigurationIsVisible = 0;
			defaultConfigurationName = Release;
		};
		D3DA399C28D5913700DA1670 /* Build configuration list for PBXNativeTarget "BouquetAppTests" */ = {
			isa = XCConfigurationList;
			buildConfigurations = (
				D3DA399D28D5913700DA1670 /* Debug */,
				D3DA399E28D5913700DA1670 /* Release */,
			);
			defaultConfigurationIsVisible = 0;
			defaultConfigurationName = Release;
		};
		D3DA399F28D5913700DA1670 /* Build configuration list for PBXNativeTarget "BouquetAppUITests" */ = {
			isa = XCConfigurationList;
			buildConfigurations = (
				D3DA39A028D5913700DA1670 /* Debug */,
				D3DA39A128D5913700DA1670 /* Release */,
			);
			defaultConfigurationIsVisible = 0;
			defaultConfigurationName = Release;
		};
/* End XCConfigurationList section */

/* Begin XCRemoteSwiftPackageReference section */
		D3DA39A528D593CB00DA1670 /* XCRemoteSwiftPackageReference "MultipeerHelper" */ = {
			isa = XCRemoteSwiftPackageReference;
			repositoryURL = "https://github.com/maxxfrazer/MultipeerHelper.git";
			requirement = {
				kind = upToNextMajorVersion;
				minimumVersion = 1.0.0;
			};
		};
		D3DA39A828D5978A00DA1670 /* XCRemoteSwiftPackageReference "firebase-ios-sdk" */ = {
			isa = XCRemoteSwiftPackageReference;
			repositoryURL = "https://github.com/firebase/firebase-ios-sdk";
			requirement = {
				branch = master;
				kind = branch;
			};
		};
/* End XCRemoteSwiftPackageReference section */

/* Begin XCSwiftPackageProductDependency section */
		D3DA39A628D593CB00DA1670 /* MultipeerHelper */ = {
			isa = XCSwiftPackageProductDependency;
			package = D3DA39A528D593CB00DA1670 /* XCRemoteSwiftPackageReference "MultipeerHelper" */;
			productName = MultipeerHelper;
		};
		D3DA39A928D5978A00DA1670 /* FirebaseAuth */ = {
			isa = XCSwiftPackageProductDependency;
			package = D3DA39A828D5978A00DA1670 /* XCRemoteSwiftPackageReference "firebase-ios-sdk" */;
			productName = FirebaseAuth;
		};
		D3DA39AB28D5978A00DA1670 /* FirebaseAuthCombine-Community */ = {
			isa = XCSwiftPackageProductDependency;
			package = D3DA39A828D5978A00DA1670 /* XCRemoteSwiftPackageReference "firebase-ios-sdk" */;
			productName = "FirebaseAuthCombine-Community";
		};
		D3DA39AD28D5978A00DA1670 /* FirebaseFirestore */ = {
			isa = XCSwiftPackageProductDependency;
			package = D3DA39A828D5978A00DA1670 /* XCRemoteSwiftPackageReference "firebase-ios-sdk" */;
			productName = FirebaseFirestore;
		};
		D3DA39AF28D5978A00DA1670 /* FirebaseFirestoreCombine-Community */ = {
			isa = XCSwiftPackageProductDependency;
			package = D3DA39A828D5978A00DA1670 /* XCRemoteSwiftPackageReference "firebase-ios-sdk" */;
			productName = "FirebaseFirestoreCombine-Community";
		};
		D3DA39B128D5978A00DA1670 /* FirebaseFirestoreSwift */ = {
			isa = XCSwiftPackageProductDependency;
			package = D3DA39A828D5978A00DA1670 /* XCRemoteSwiftPackageReference "firebase-ios-sdk" */;
			productName = FirebaseFirestoreSwift;
		};
		D3DA39B328D5978A00DA1670 /* FirebaseStorage */ = {
			isa = XCSwiftPackageProductDependency;
			package = D3DA39A828D5978A00DA1670 /* XCRemoteSwiftPackageReference "firebase-ios-sdk" */;
			productName = FirebaseStorage;
		};
		D3DA39B528D5978A00DA1670 /* FirebaseStorageCombine-Community */ = {
			isa = XCSwiftPackageProductDependency;
			package = D3DA39A828D5978A00DA1670 /* XCRemoteSwiftPackageReference "firebase-ios-sdk" */;
			productName = "FirebaseStorageCombine-Community";
		};
/* End XCSwiftPackageProductDependency section */
	};
	rootObject = D3DA396B28D5913400DA1670 /* Project object */;
}
