// !$*UTF8*$!
{
	archiveVersion = 1;
	classes = {
	};
	objectVersion = 56;
	objects = {

/* Begin PBXBuildFile section */
		D3DA397728D5913500DA1670 /* AppDelegate.swift in Sources */ = {isa = PBXBuildFile; fileRef = D3DA397628D5913500DA1670 /* AppDelegate.swift */; };
		D3DA397928D5913500DA1670 /* ContentView.swift in Sources */ = {isa = PBXBuildFile; fileRef = D3DA397828D5913500DA1670 /* ContentView.swift */; };
		D3DA397B28D5913500DA1670 /* Experience.rcproject in Sources */ = {isa = PBXBuildFile; fileRef = D3DA397A28D5913500DA1670 /* Experience.rcproject */; };
		D3DA397D28D5913700DA1670 /* Assets.xcassets in Resources */ = {isa = PBXBuildFile; fileRef = D3DA397C28D5913700DA1670 /* Assets.xcassets */; };
		D3DA398028D5913700DA1670 /* Preview Assets.xcassets in Resources */ = {isa = PBXBuildFile; fileRef = D3DA397F28D5913700DA1670 /* Preview Assets.xcassets */; };
		D3DA398A28D5913700DA1670 /* BouquetAppTests.swift in Sources */ = {isa = PBXBuildFile; fileRef = D3DA398928D5913700DA1670 /* BouquetAppTests.swift */; };
		D3DA399428D5913700DA1670 /* BouquetAppUITests.swift in Sources */ = {isa = PBXBuildFile; fileRef = D3DA399328D5913700DA1670 /* BouquetAppUITests.swift */; };
		D3DA399628D5913700DA1670 /* BouquetAppUITestsLaunchTests.swift in Sources */ = {isa = PBXBuildFile; fileRef = D3DA399528D5913700DA1670 /* BouquetAppUITestsLaunchTests.swift */; };
		D3DA39A428D591E200DA1670 /* RealityUI in Frameworks */ = {isa = PBXBuildFile; productRef = D3DA39A328D591E200DA1670 /* RealityUI */; };
		D3DA39A728D593CB00DA1670 /* MultipeerHelper in Frameworks */ = {isa = PBXBuildFile; productRef = D3DA39A628D593CB00DA1670 /* MultipeerHelper */; };
		D3DA39AA28D5978A00DA1670 /* FirebaseAuth in Frameworks */ = {isa = PBXBuildFile; productRef = D3DA39A928D5978A00DA1670 /* FirebaseAuth */; };
		D3DA39AC28D5978A00DA1670 /* FirebaseAuthCombine-Community in Frameworks */ = {isa = PBXBuildFile; productRef = D3DA39AB28D5978A00DA1670 /* FirebaseAuthCombine-Community */; };
		D3DA39AE28D5978A00DA1670 /* FirebaseFirestore in Frameworks */ = {isa = PBXBuildFile; productRef = D3DA39AD28D5978A00DA1670 /* FirebaseFirestore */; };
		D3DA39B028D5978A00DA1670 /* FirebaseFirestoreCombine-Community in Frameworks */ = {isa = PBXBuildFile; productRef = D3DA39AF28D5978A00DA1670 /* FirebaseFirestoreCombine-Community */; };
		D3DA39B228D5978A00DA1670 /* FirebaseFirestoreSwift in Frameworks */ = {isa = PBXBuildFile; productRef = D3DA39B128D5978A00DA1670 /* FirebaseFirestoreSwift */; };
		D3DA39B428D5978A00DA1670 /* FirebaseStorage in Frameworks */ = {isa = PBXBuildFile; productRef = D3DA39B328D5978A00DA1670 /* FirebaseStorage */; };
		D3DA39B628D5978A00DA1670 /* FirebaseStorageCombine-Community in Frameworks */ = {isa = PBXBuildFile; productRef = D3DA39B528D5978A00DA1670 /* FirebaseStorageCombine-Community */; };
		D3DA39B828D59FCE00DA1670 /* Home.swift in Sources */ = {isa = PBXBuildFile; fileRef = D3DA39B728D59FCE00DA1670 /* Home.swift */; };
/* End PBXBuildFile section */

/* Begin PBXContainerItemProxy section */
		D3DA398628D5913700DA1670 /* PBXContainerItemProxy */ = {
			isa = PBXContainerItemProxy;
			containerPortal = D3DA396B28D5913400DA1670 /* Project object */;
			proxyType = 1;
			remoteGlobalIDString = D3DA397228D5913500DA1670;
			remoteInfo = BouquetApp;
		};
		D3DA399028D5913700DA1670 /* PBXContainerItemProxy */ = {
			isa = PBXContainerItemProxy;
			containerPortal = D3DA396B28D5913400DA1670 /* Project object */;
			proxyType = 1;
			remoteGlobalIDString = D3DA397228D5913500DA1670;
			remoteInfo = BouquetApp;
		};
/* End PBXContainerItemProxy section */

/* Begin PBXFileReference section */
		D3DA397328D5913500DA1670 /* BouquetApp.app */ = {isa = PBXFileReference; explicitFileType = wrapper.application; includeInIndex = 0; path = BouquetApp.app; sourceTree = BUILT_PRODUCTS_DIR; };
		D3DA397628D5913500DA1670 /* AppDelegate.swift */ = {isa = PBXFileReference; lastKnownFileType = sourcecode.swift; path = AppDelegate.swift; sourceTree = "<group>"; };
		D3DA397828D5913500DA1670 /* ContentView.swift */ = {isa = PBXFileReference; lastKnownFileType = sourcecode.swift; path = ContentView.swift; sourceTree = "<group>"; };
		D3DA397A28D5913500DA1670 /* Experience.rcproject */ = {isa = PBXFileReference; lastKnownFileType = file.rcproject; path = Experience.rcproject; sourceTree = "<group>"; };
		D3DA397C28D5913700DA1670 /* Assets.xcassets */ = {isa = PBXFileReference; lastKnownFileType = folder.assetcatalog; path = Assets.xcassets; sourceTree = "<group>"; };
		D3DA397F28D5913700DA1670 /* Preview Assets.xcassets */ = {isa = PBXFileReference; lastKnownFileType = folder.assetcatalog; path = "Preview Assets.xcassets"; sourceTree = "<group>"; };
		D3DA398528D5913700DA1670 /* BouquetAppTests.xctest */ = {isa = PBXFileReference; explicitFileType = wrapper.cfbundle; includeInIndex = 0; path = BouquetAppTests.xctest; sourceTree = BUILT_PRODUCTS_DIR; };
		D3DA398928D5913700DA1670 /* BouquetAppTests.swift */ = {isa = PBXFileReference; lastKnownFileType = sourcecode.swift; path = BouquetAppTests.swift; sourceTree = "<group>"; };
		D3DA398F28D5913700DA1670 /* BouquetAppUITests.xctest */ = {isa = PBXFileReference; explicitFileType = wrapper.cfbundle; includeInIndex = 0; path = BouquetAppUITests.xctest; sourceTree = BUILT_PRODUCTS_DIR; };
		D3DA399328D5913700DA1670 /* BouquetAppUITests.swift */ = {isa = PBXFileReference; lastKnownFileType = sourcecode.swift; path = BouquetAppUITests.swift; sourceTree = "<group>"; };
		D3DA399528D5913700DA1670 /* BouquetAppUITestsLaunchTests.swift */ = {isa = PBXFileReference; lastKnownFileType = sourcecode.swift; path = BouquetAppUITestsLaunchTests.swift; sourceTree = "<group>"; };
		D3DA39B728D59FCE00DA1670 /* Home.swift */ = {isa = PBXFileReference; lastKnownFileType = sourcecode.swift; path = Home.swift; sourceTree = "<group>"; };
/* End PBXFileReference section */

/* Begin PBXFrameworksBuildPhase section */
		D3DA397028D5913500DA1670 /* Frameworks */ = {
			isa = PBXFrameworksBuildPhase;
			buildActionMask = 2147483647;
			files = (
				D3DA39A728D593CB00DA1670 /* MultipeerHelper in Frameworks */,
				D3DA39AA28D5978A00DA1670 /* FirebaseAuth in Frameworks */,
				D3DA39A428D591E200DA1670 /* RealityUI in Frameworks */,
				D3DA39B228D5978A00DA1670 /* FirebaseFirestoreSwift in Frameworks */,
				D3DA39B028D5978A00DA1670 /* FirebaseFirestoreCombine-Community in Frameworks */,
				D3DA39B428D5978A00DA1670 /* FirebaseStorage in Frameworks */,
				D3DA39AE28D5978A00DA1670 /* FirebaseFirestore in Frameworks */,
				D3DA39B628D5978A00DA1670 /* FirebaseStorageCombine-Community in Frameworks */,
				D3DA39AC28D5978A00DA1670 /* FirebaseAuthCombine-Community in Frameworks */,
			);
			runOnlyForDeploymentPostprocessing = 0;
		};
		D3DA398228D5913700DA1670 /* Frameworks */ = {
			isa = PBXFrameworksBuildPhase;
			buildActionMask = 2147483647;
			files = (
			);
			runOnlyForDeploymentPostprocessing = 0;
		};
		D3DA398C28D5913700DA1670 /* Frameworks */ = {
			isa = PBXFrameworksBuildPhase;
			buildActionMask = 2147483647;
			files = (
			);
			runOnlyForDeploymentPostprocessing = 0;
		};
/* End PBXFrameworksBuildPhase section */

/* Begin PBXGroup section */
		D3DA396A28D5913400DA1670 = {
			isa = PBXGroup;
			children = (
				D3DA397528D5913500DA1670 /* BouquetApp */,
				D3DA398828D5913700DA1670 /* BouquetAppTests */,
				D3DA399228D5913700DA1670 /* BouquetAppUITests */,
				D3DA397428D5913500DA1670 /* Products */,
			);
			sourceTree = "<group>";
		};
		D3DA397428D5913500DA1670 /* Products */ = {
			isa = PBXGroup;
			children = (
				D3DA397328D5913500DA1670 /* BouquetApp.app */,
				D3DA398528D5913700DA1670 /* BouquetAppTests.xctest */,
				D3DA398F28D5913700DA1670 /* BouquetAppUITests.xctest */,
			);
			name = Products;
			sourceTree = "<group>";
		};
		D3DA397528D5913500DA1670 /* BouquetApp */ = {
			isa = PBXGroup;
			children = (
				D3DA397628D5913500DA1670 /* AppDelegate.swift */,
				D3DA397828D5913500DA1670 /* ContentView.swift */,
				D3DA39B728D59FCE00DA1670 /* Home.swift */,
				D3DA397A28D5913500DA1670 /* Experience.rcproject */,
				D3DA397C28D5913700DA1670 /* Assets.xcassets */,
				D3DA397E28D5913700DA1670 /* Preview Content */,
			);
			path = BouquetApp;
			sourceTree = "<group>";
		};
		D3DA397E28D5913700DA1670 /* Preview Content */ = {
			isa = PBXGroup;
			children = (
				D3DA397F28D5913700DA1670 /* Preview Assets.xcassets */,
			);
			path = "Preview Content";
			sourceTree = "<group>";
		};
		D3DA398828D5913700DA1670 /* BouquetAppTests */ = {
			isa = PBXGroup;
			children = (
				D3DA398928D5913700DA1670 /* BouquetAppTests.swift */,
			);
			path = BouquetAppTests;
			sourceTree = "<group>";
		};
		D3DA399228D5913700DA1670 /* BouquetAppUITests */ = {
			isa = PBXGroup;
			children = (
				D3DA399328D5913700DA1670 /* BouquetAppUITests.swift */,
				D3DA399528D5913700DA1670 /* BouquetAppUITestsLaunchTests.swift */,
			);
			path = BouquetAppUITests;
			sourceTree = "<group>";
		};
/* End PBXGroup section */

/* Begin PBXNativeTarget section */
		D3DA397228D5913500DA1670 /* BouquetApp */ = {
			isa = PBXNativeTarget;
			buildConfigurationList = D3DA399928D5913700DA1670 /* Build configuration list for PBXNativeTarget "BouquetApp" */;
			buildPhases = (
				D3DA396F28D5913500DA1670 /* Sources */,
				D3DA397028D5913500DA1670 /* Frameworks */,
				D3DA397128D5913500DA1670 /* Resources */,
			);
			buildRules = (
			);
			dependencies = (
			);
			name = BouquetApp;
			packageProductDependencies = (
				D3DA39A328D591E200DA1670 /* RealityUI */,
				D3DA39A628D593CB00DA1670 /* MultipeerHelper */,
				D3DA39A928D5978A00DA1670 /* FirebaseAuth */,
				D3DA39AB28D5978A00DA1670 /* FirebaseAuthCombine-Community */,
				D3DA39AD28D5978A00DA1670 /* FirebaseFirestore */,
				D3DA39AF28D5978A00DA1670 /* FirebaseFirestoreCombine-Community */,
				D3DA39B128D5978A00DA1670 /* FirebaseFirestoreSwift */,
				D3DA39B328D5978A00DA1670 /* FirebaseStorage */,
				D3DA39B528D5978A00DA1670 /* FirebaseStorageCombine-Community */,
			);
			productName = BouquetApp;
			productReference = D3DA397328D5913500DA1670 /* BouquetApp.app */;
			productType = "com.apple.product-type.application";
		};
		D3DA398428D5913700DA1670 /* BouquetAppTests */ = {
			isa = PBXNativeTarget;
			buildConfigurationList = D3DA399C28D5913700DA1670 /* Build configuration list for PBXNativeTarget "BouquetAppTests" */;
			buildPhases = (
				D3DA398128D5913700DA1670 /* Sources */,
				D3DA398228D5913700DA1670 /* Frameworks */,
				D3DA398328D5913700DA1670 /* Resources */,
			);
			buildRules = (
			);
			dependencies = (
				D3DA398728D5913700DA1670 /* PBXTargetDependency */,
			);
			name = BouquetAppTests;
			productName = BouquetAppTests;
			productReference = D3DA398528D5913700DA1670 /* BouquetAppTests.xctest */;
			productType = "com.apple.product-type.bundle.unit-test";
		};
		D3DA398E28D5913700DA1670 /* BouquetAppUITests */ = {
			isa = PBXNativeTarget;
			buildConfigurationList = D3DA399F28D5913700DA1670 /* Build configuration list for PBXNativeTarget "BouquetAppUITests" */;
			buildPhases = (
				D3DA398B28D5913700DA1670 /* Sources */,
				D3DA398C28D5913700DA1670 /* Frameworks */,
				D3DA398D28D5913700DA1670 /* Resources */,
			);
			buildRules = (
			);
			dependencies = (
				D3DA399128D5913700DA1670 /* PBXTargetDependency */,
			);
			name = BouquetAppUITests;
			productName = BouquetAppUITests;
			productReference = D3DA398F28D5913700DA1670 /* BouquetAppUITests.xctest */;
			productType = "com.apple.product-type.bundle.ui-testing";
		};
/* End PBXNativeTarget section */

/* Begin PBXProject section */
		D3DA396B28D5913400DA1670 /* Project object */ = {
			isa = PBXProject;
			attributes = {
				BuildIndependentTargetsInParallel = 1;
				LastSwiftUpdateCheck = 1400;
				LastUpgradeCheck = 1400;
				TargetAttributes = {
					D3DA397228D5913500DA1670 = {
						CreatedOnToolsVersion = 14.0;
					};
					D3DA398428D5913700DA1670 = {
						CreatedOnToolsVersion = 14.0;
						TestTargetID = D3DA397228D5913500DA1670;
					};
					D3DA398E28D5913700DA1670 = {
						CreatedOnToolsVersion = 14.0;
						TestTargetID = D3DA397228D5913500DA1670;
					};
				};
			};
			buildConfigurationList = D3DA396E28D5913400DA1670 /* Build configuration list for PBXProject "BouquetApp" */;
			compatibilityVersion = "Xcode 14.0";
			developmentRegion = en;
			hasScannedForEncodings = 0;
			knownRegions = (
				en,
				Base,
			);
			mainGroup = D3DA396A28D5913400DA1670;
			packageReferences = (
				D3DA39A228D591E200DA1670 /* XCRemoteSwiftPackageReference "RealityUI" */,
				D3DA39A528D593CB00DA1670 /* XCRemoteSwiftPackageReference "MultipeerHelper" */,
				D3DA39A828D5978A00DA1670 /* XCRemoteSwiftPackageReference "firebase-ios-sdk" */,
			);
			productRefGroup = D3DA397428D5913500DA1670 /* Products */;
			projectDirPath = "";
			projectRoot = "";
			targets = (
				D3DA397228D5913500DA1670 /* BouquetApp */,
				D3DA398428D5913700DA1670 /* BouquetAppTests */,
				D3DA398E28D5913700DA1670 /* BouquetAppUITests */,
			);
		};
/* End PBXProject section */

/* Begin PBXResourcesBuildPhase section */
		D3DA397128D5913500DA1670 /* Resources */ = {
			isa = PBXResourcesBuildPhase;
			buildActionMask = 2147483647;
			files = (
				D3DA398028D5913700DA1670 /* Preview Assets.xcassets in Resources */,
				D3DA397D28D5913700DA1670 /* Assets.xcassets in Resources */,
			);
			runOnlyForDeploymentPostprocessing = 0;
		};
		D3DA398328D5913700DA1670 /* Resources */ = {
			isa = PBXResourcesBuildPhase;
			buildActionMask = 2147483647;
			files = (
			);
			runOnlyForDeploymentPostprocessing = 0;
		};
		D3DA398D28D5913700DA1670 /* Resources */ = {
			isa = PBXResourcesBuildPhase;
			buildActionMask = 2147483647;
			files = (
			);
			runOnlyForDeploymentPostprocessing = 0;
		};
/* End PBXResourcesBuildPhase section */

/* Begin PBXSourcesBuildPhase section */
		D3DA396F28D5913500DA1670 /* Sources */ = {
			isa = PBXSourcesBuildPhase;
			buildActionMask = 2147483647;
			files = (
				D3DA397928D5913500DA1670 /* ContentView.swift in Sources */,
				D3DA397728D5913500DA1670 /* AppDelegate.swift in Sources */,
				D3DA39B828D59FCE00DA1670 /* Home.swift in Sources */,
				D3DA397B28D5913500DA1670 /* Experience.rcproject in Sources */,
			);
			runOnlyForDeploymentPostprocessing = 0;
		};
		D3DA398128D5913700DA1670 /* Sources */ = {
			isa = PBXSourcesBuildPhase;
			buildActionMask = 2147483647;
			files = (
				D3DA398A28D5913700DA1670 /* BouquetAppTests.swift in Sources */,
			);
			runOnlyForDeploymentPostprocessing = 0;
		};
		D3DA398B28D5913700DA1670 /* Sources */ = {
			isa = PBXSourcesBuildPhase;
			buildActionMask = 2147483647;
			files = (
				D3DA399628D5913700DA1670 /* BouquetAppUITestsLaunchTests.swift in Sources */,
				D3DA399428D5913700DA1670 /* BouquetAppUITests.swift in Sources */,
			);
			runOnlyForDeploymentPostprocessing = 0;
		};
/* End PBXSourcesBuildPhase section */

/* Begin PBXTargetDependency section */
		D3DA398728D5913700DA1670 /* PBXTargetDependency */ = {
			isa = PBXTargetDependency;
			target = D3DA397228D5913500DA1670 /* BouquetApp */;
			targetProxy = D3DA398628D5913700DA1670 /* PBXContainerItemProxy */;
		};
		D3DA399128D5913700DA1670 /* PBXTargetDependency */ = {
			isa = PBXTargetDependency;
			target = D3DA397228D5913500DA1670 /* BouquetApp */;
			targetProxy = D3DA399028D5913700DA1670 /* PBXContainerItemProxy */;
		};
/* End PBXTargetDependency section */

/* Begin XCBuildConfiguration section */
		D3DA399728D5913700DA1670 /* Debug */ = {
			isa = XCBuildConfiguration;
			buildSettings = {
				ALWAYS_SEARCH_USER_PATHS = NO;
				CLANG_ANALYZER_NONNULL = YES;
				CLANG_ANALYZER_NUMBER_OBJECT_CONVERSION = YES_AGGRESSIVE;
				CLANG_CXX_LANGUAGE_STANDARD = "gnu++20";
				CLANG_ENABLE_MODULES = YES;
				CLANG_ENABLE_OBJC_ARC = YES;
				CLANG_ENABLE_OBJC_WEAK = YES;
				CLANG_WARN_BLOCK_CAPTURE_AUTORELEASING = YES;
				CLANG_WARN_BOOL_CONVERSION = YES;
				CLANG_WARN_COMMA = YES;
				CLANG_WARN_CONSTANT_CONVERSION = YES;
				CLANG_WARN_DEPRECATED_OBJC_IMPLEMENTATIONS = YES;
				CLANG_WARN_DIRECT_OBJC_ISA_USAGE = YES_ERROR;
				CLANG_WARN_DOCUMENTATION_COMMENTS = YES;
				CLANG_WARN_EMPTY_BODY = YES;
				CLANG_WARN_ENUM_CONVERSION = YES;
				CLANG_WARN_INFINITE_RECURSION = YES;
				CLANG_WARN_INT_CONVERSION = YES;
				CLANG_WARN_NON_LITERAL_NULL_CONVERSION = YES;
				CLANG_WARN_OBJC_IMPLICIT_RETAIN_SELF = YES;
				CLANG_WARN_OBJC_LITERAL_CONVERSION = YES;
				CLANG_WARN_OBJC_ROOT_CLASS = YES_ERROR;
				CLANG_WARN_QUOTED_INCLUDE_IN_FRAMEWORK_HEADER = YES;
				CLANG_WARN_RANGE_LOOP_ANALYSIS = YES;
				CLANG_WARN_STRICT_PROTOTYPES = YES;
				CLANG_WARN_SUSPICIOUS_MOVE = YES;
				CLANG_WARN_UNGUARDED_AVAILABILITY = YES_AGGRESSIVE;
				CLANG_WARN_UNREACHABLE_CODE = YES;
				CLANG_WARN__DUPLICATE_METHOD_MATCH = YES;
				COPY_PHASE_STRIP = NO;
				DEBUG_INFORMATION_FORMAT = dwarf;
				ENABLE_STRICT_OBJC_MSGSEND = YES;
				ENABLE_TESTABILITY = YES;
				GCC_C_LANGUAGE_STANDARD = gnu11;
				GCC_DYNAMIC_NO_PIC = NO;
				GCC_NO_COMMON_BLOCKS = YES;
				GCC_OPTIMIZATION_LEVEL = 0;
				GCC_PREPROCESSOR_DEFINITIONS = (
					"DEBUG=1",
					"$(inherited)",
				);
				GCC_WARN_64_TO_32_BIT_CONVERSION = YES;
				GCC_WARN_ABOUT_RETURN_TYPE = YES_ERROR;
				GCC_WARN_UNDECLARED_SELECTOR = YES;
				GCC_WARN_UNINITIALIZED_AUTOS = YES_AGGRESSIVE;
				GCC_WARN_UNUSED_FUNCTION = YES;
				GCC_WARN_UNUSED_VARIABLE = YES;
				IPHONEOS_DEPLOYMENT_TARGET = 16.0;
				MTL_ENABLE_DEBUG_INFO = INCLUDE_SOURCE;
				MTL_FAST_MATH = YES;
				ONLY_ACTIVE_ARCH = YES;
				SDKROOT = iphoneos;
				SWIFT_ACTIVE_COMPILATION_CONDITIONS = DEBUG;
				SWIFT_OPTIMIZATION_LEVEL = "-Onone";
			};
			name = Debug;
		};
		D3DA399828D5913700DA1670 /* Release */ = {
			isa = XCBuildConfiguration;
			buildSettings = {
				ALWAYS_SEARCH_USER_PATHS = NO;
				CLANG_ANALYZER_NONNULL = YES;
				CLANG_ANALYZER_NUMBER_OBJECT_CONVERSION = YES_AGGRESSIVE;
				CLANG_CXX_LANGUAGE_STANDARD = "gnu++20";
				CLANG_ENABLE_MODULES = YES;
				CLANG_ENABLE_OBJC_ARC = YES;
				CLANG_ENABLE_OBJC_WEAK = YES;
				CLANG_WARN_BLOCK_CAPTURE_AUTORELEASING = YES;
				CLANG_WARN_BOOL_CONVERSION = YES;
				CLANG_WARN_COMMA = YES;
				CLANG_WARN_CONSTANT_CONVERSION = YES;
				CLANG_WARN_DEPRECATED_OBJC_IMPLEMENTATIONS = YES;
				CLANG_WARN_DIRECT_OBJC_ISA_USAGE = YES_ERROR;
				CLANG_WARN_DOCUMENTATION_COMMENTS = YES;
				CLANG_WARN_EMPTY_BODY = YES;
				CLANG_WARN_ENUM_CONVERSION = YES;
				CLANG_WARN_INFINITE_RECURSION = YES;
				CLANG_WARN_INT_CONVERSION = YES;
				CLANG_WARN_NON_LITERAL_NULL_CONVERSION = YES;
				CLANG_WARN_OBJC_IMPLICIT_RETAIN_SELF = YES;
				CLANG_WARN_OBJC_LITERAL_CONVERSION = YES;
				CLANG_WARN_OBJC_ROOT_CLASS = YES_ERROR;
				CLANG_WARN_QUOTED_INCLUDE_IN_FRAMEWORK_HEADER = YES;
				CLANG_WARN_RANGE_LOOP_ANALYSIS = YES;
				CLANG_WARN_STRICT_PROTOTYPES = YES;
				CLANG_WARN_SUSPICIOUS_MOVE = YES;
				CLANG_WARN_UNGUARDED_AVAILABILITY = YES_AGGRESSIVE;
				CLANG_WARN_UNREACHABLE_CODE = YES;
				CLANG_WARN__DUPLICATE_METHOD_MATCH = YES;
				COPY_PHASE_STRIP = NO;
				DEBUG_INFORMATION_FORMAT = "dwarf-with-dsym";
				ENABLE_NS_ASSERTIONS = NO;
				ENABLE_STRICT_OBJC_MSGSEND = YES;
				GCC_C_LANGUAGE_STANDARD = gnu11;
				GCC_NO_COMMON_BLOCKS = YES;
				GCC_WARN_64_TO_32_BIT_CONVERSION = YES;
				GCC_WARN_ABOUT_RETURN_TYPE = YES_ERROR;
				GCC_WARN_UNDECLARED_SELECTOR = YES;
				GCC_WARN_UNINITIALIZED_AUTOS = YES_AGGRESSIVE;
				GCC_WARN_UNUSED_FUNCTION = YES;
				GCC_WARN_UNUSED_VARIABLE = YES;
				IPHONEOS_DEPLOYMENT_TARGET = 16.0;
				MTL_ENABLE_DEBUG_INFO = NO;
				MTL_FAST_MATH = YES;
				SDKROOT = iphoneos;
				SWIFT_COMPILATION_MODE = wholemodule;
				SWIFT_OPTIMIZATION_LEVEL = "-O";
				VALIDATE_PRODUCT = YES;
			};
			name = Release;
		};
		D3DA399A28D5913700DA1670 /* Debug */ = {
			isa = XCBuildConfiguration;
			buildSettings = {
				ASSETCATALOG_COMPILER_APPICON_NAME = AppIcon;
				ASSETCATALOG_COMPILER_GLOBAL_ACCENT_COLOR_NAME = AccentColor;
				CODE_SIGN_STYLE = Automatic;
				CURRENT_PROJECT_VERSION = 1;
				DEVELOPMENT_ASSET_PATHS = "\"BouquetApp/Preview Content\"";
				DEVELOPMENT_TEAM = LSUSGUW6L4;
				ENABLE_PREVIEWS = YES;
				GENERATE_INFOPLIST_FILE = YES;
				INFOPLIST_KEY_NSCameraUsageDescription = "";
				INFOPLIST_KEY_UIApplicationSupportsIndirectInputEvents = YES;
				INFOPLIST_KEY_UILaunchScreen_Generation = YES;
				INFOPLIST_KEY_UIRequiredDeviceCapabilities = arkit;
				INFOPLIST_KEY_UIStatusBarHidden = YES;
				INFOPLIST_KEY_UISupportedInterfaceOrientations_iPad = "UIInterfaceOrientationPortrait UIInterfaceOrientationPortraitUpsideDown UIInterfaceOrientationLandscapeLeft UIInterfaceOrientationLandscapeRight";
				INFOPLIST_KEY_UISupportedInterfaceOrientations_iPhone = "UIInterfaceOrientationPortrait UIInterfaceOrientationLandscapeLeft UIInterfaceOrientationLandscapeRight";
				LD_RUNPATH_SEARCH_PATHS = (
					"$(inherited)",
					"@executable_path/Frameworks",
				);
				MARKETING_VERSION = 1.0;
				PRODUCT_BUNDLE_IDENTIFIER = com.mizuki.BouquetApp;
				PRODUCT_NAME = "$(TARGET_NAME)";
				SWIFT_EMIT_LOC_STRINGS = YES;
				SWIFT_VERSION = 5.0;
				TARGETED_DEVICE_FAMILY = "1,2";
			};
			name = Debug;
		};
		D3DA399B28D5913700DA1670 /* Release */ = {
			isa = XCBuildConfiguration;
			buildSettings = {
				ASSETCATALOG_COMPILER_APPICON_NAME = AppIcon;
				ASSETCATALOG_COMPILER_GLOBAL_ACCENT_COLOR_NAME = AccentColor;
				CODE_SIGN_STYLE = Automatic;
				CURRENT_PROJECT_VERSION = 1;
				DEVELOPMENT_ASSET_PATHS = "\"BouquetApp/Preview Content\"";
				DEVELOPMENT_TEAM = LSUSGUW6L4;
				ENABLE_PREVIEWS = YES;
				GENERATE_INFOPLIST_FILE = YES;
				INFOPLIST_KEY_NSCameraUsageDescription = "";
				INFOPLIST_KEY_UIApplicationSupportsIndirectInputEvents = YES;
				INFOPLIST_KEY_UILaunchScreen_Generation = YES;
				INFOPLIST_KEY_UIRequiredDeviceCapabilities = arkit;
				INFOPLIST_KEY_UIStatusBarHidden = YES;
				INFOPLIST_KEY_UISupportedInterfaceOrientations_iPad = "UIInterfaceOrientationPortrait UIInterfaceOrientationPortraitUpsideDown UIInterfaceOrientationLandscapeLeft UIInterfaceOrientationLandscapeRight";
				INFOPLIST_KEY_UISupportedInterfaceOrientations_iPhone = "UIInterfaceOrientationPortrait UIInterfaceOrientationLandscapeLeft UIInterfaceOrientationLandscapeRight";
				LD_RUNPATH_SEARCH_PATHS = (
					"$(inherited)",
					"@executable_path/Frameworks",
				);
				MARKETING_VERSION = 1.0;
				PRODUCT_BUNDLE_IDENTIFIER = com.mizuki.BouquetApp;
				PRODUCT_NAME = "$(TARGET_NAME)";
				SWIFT_EMIT_LOC_STRINGS = YES;
				SWIFT_VERSION = 5.0;
				TARGETED_DEVICE_FAMILY = "1,2";
			};
			name = Release;
		};
		D3DA399D28D5913700DA1670 /* Debug */ = {
			isa = XCBuildConfiguration;
			buildSettings = {
				ALWAYS_EMBED_SWIFT_STANDARD_LIBRARIES = YES;
				BUNDLE_LOADER = "$(TEST_HOST)";
				CODE_SIGN_STYLE = Automatic;
				CURRENT_PROJECT_VERSION = 1;
				DEVELOPMENT_TEAM = LSUSGUW6L4;
				GENERATE_INFOPLIST_FILE = YES;
				IPHONEOS_DEPLOYMENT_TARGET = 16.0;
				MARKETING_VERSION = 1.0;
				PRODUCT_BUNDLE_IDENTIFIER = com.mizuki.BouquetAppTests;
				PRODUCT_NAME = "$(TARGET_NAME)";
				SWIFT_EMIT_LOC_STRINGS = NO;
				SWIFT_VERSION = 5.0;
				TARGETED_DEVICE_FAMILY = "1,2";
				TEST_HOST = "$(BUILT_PRODUCTS_DIR)/BouquetApp.app/$(BUNDLE_EXECUTABLE_FOLDER_PATH)/BouquetApp";
			};
			name = Debug;
		};
		D3DA399E28D5913700DA1670 /* Release */ = {
			isa = XCBuildConfiguration;
			buildSettings = {
				ALWAYS_EMBED_SWIFT_STANDARD_LIBRARIES = YES;
				BUNDLE_LOADER = "$(TEST_HOST)";
				CODE_SIGN_STYLE = Automatic;
				CURRENT_PROJECT_VERSION = 1;
				DEVELOPMENT_TEAM = LSUSGUW6L4;
				GENERATE_INFOPLIST_FILE = YES;
				IPHONEOS_DEPLOYMENT_TARGET = 16.0;
				MARKETING_VERSION = 1.0;
				PRODUCT_BUNDLE_IDENTIFIER = com.mizuki.BouquetAppTests;
				PRODUCT_NAME = "$(TARGET_NAME)";
				SWIFT_EMIT_LOC_STRINGS = NO;
				SWIFT_VERSION = 5.0;
				TARGETED_DEVICE_FAMILY = "1,2";
				TEST_HOST = "$(BUILT_PRODUCTS_DIR)/BouquetApp.app/$(BUNDLE_EXECUTABLE_FOLDER_PATH)/BouquetApp";
			};
			name = Release;
		};
		D3DA39A028D5913700DA1670 /* Debug */ = {
			isa = XCBuildConfiguration;
			buildSettings = {
				ALWAYS_EMBED_SWIFT_STANDARD_LIBRARIES = YES;
				CODE_SIGN_STYLE = Automatic;
				CURRENT_PROJECT_VERSION = 1;
				DEVELOPMENT_TEAM = LSUSGUW6L4;
				GENERATE_INFOPLIST_FILE = YES;
				MARKETING_VERSION = 1.0;
				PRODUCT_BUNDLE_IDENTIFIER = com.mizuki.BouquetAppUITests;
				PRODUCT_NAME = "$(TARGET_NAME)";
				SWIFT_EMIT_LOC_STRINGS = NO;
				SWIFT_VERSION = 5.0;
				TARGETED_DEVICE_FAMILY = "1,2";
				TEST_TARGET_NAME = BouquetApp;
			};
			name = Debug;
		};
		D3DA39A128D5913700DA1670 /* Release */ = {
			isa = XCBuildConfiguration;
			buildSettings = {
				ALWAYS_EMBED_SWIFT_STANDARD_LIBRARIES = YES;
				CODE_SIGN_STYLE = Automatic;
				CURRENT_PROJECT_VERSION = 1;
				DEVELOPMENT_TEAM = LSUSGUW6L4;
				GENERATE_INFOPLIST_FILE = YES;
				MARKETING_VERSION = 1.0;
				PRODUCT_BUNDLE_IDENTIFIER = com.mizuki.BouquetAppUITests;
				PRODUCT_NAME = "$(TARGET_NAME)";
				SWIFT_EMIT_LOC_STRINGS = NO;
				SWIFT_VERSION = 5.0;
				TARGETED_DEVICE_FAMILY = "1,2";
				TEST_TARGET_NAME = BouquetApp;
			};
			name = Release;
		};
/* End XCBuildConfiguration section */

/* Begin XCConfigurationList section */
		D3DA396E28D5913400DA1670 /* Build configuration list for PBXProject "BouquetApp" */ = {
			isa = XCConfigurationList;
			buildConfigurations = (
				D3DA399728D5913700DA1670 /* Debug */,
				D3DA399828D5913700DA1670 /* Release */,
			);
			defaultConfigurationIsVisible = 0;
			defaultConfigurationName = Release;
		};
		D3DA399928D5913700DA1670 /* Build configuration list for PBXNativeTarget "BouquetApp" */ = {
			isa = XCConfigurationList;
			buildConfigurations = (
				D3DA399A28D5913700DA1670 /* Debug */,
				D3DA399B28D5913700DA1670 /* Release */,
			);
			defaultConfigurationIsVisible = 0;
			defaultConfigurationName = Release;
		};
		D3DA399C28D5913700DA1670 /* Build configuration list for PBXNativeTarget "BouquetAppTests" */ = {
			isa = XCConfigurationList;
			buildConfigurations = (
				D3DA399D28D5913700DA1670 /* Debug */,
				D3DA399E28D5913700DA1670 /* Release */,
			);
			defaultConfigurationIsVisible = 0;
			defaultConfigurationName = Release;
		};
		D3DA399F28D5913700DA1670 /* Build configuration list for PBXNativeTarget "BouquetAppUITests" */ = {
			isa = XCConfigurationList;
			buildConfigurations = (
				D3DA39A028D5913700DA1670 /* Debug */,
				D3DA39A128D5913700DA1670 /* Release */,
			);
			defaultConfigurationIsVisible = 0;
			defaultConfigurationName = Release;
		};
/* End XCConfigurationList section */

/* Begin XCRemoteSwiftPackageReference section */
		D3DA39A228D591E200DA1670 /* XCRemoteSwiftPackageReference "RealityUI" */ = {
			isa = XCRemoteSwiftPackageReference;
			repositoryURL = "https://github.com/maxxfrazer/RealityUI.git";
			requirement = {
				branch = main;
				kind = branch;
			};
		};
		D3DA39A528D593CB00DA1670 /* XCRemoteSwiftPackageReference "MultipeerHelper" */ = {
			isa = XCRemoteSwiftPackageReference;
			repositoryURL = "https://github.com/maxxfrazer/MultipeerHelper.git";
			requirement = {
				kind = upToNextMajorVersion;
				minimumVersion = 1.0.0;
			};
		};
		D3DA39A828D5978A00DA1670 /* XCRemoteSwiftPackageReference "firebase-ios-sdk" */ = {
			isa = XCRemoteSwiftPackageReference;
			repositoryURL = "https://github.com/firebase/firebase-ios-sdk";
			requirement = {
				branch = master;
				kind = branch;
			};
		};
/* End XCRemoteSwiftPackageReference section */

/* Begin XCSwiftPackageProductDependency section */
		D3DA39A328D591E200DA1670 /* RealityUI */ = {
			isa = XCSwiftPackageProductDependency;
			package = D3DA39A228D591E200DA1670 /* XCRemoteSwiftPackageReference "RealityUI" */;
			productName = RealityUI;
		};
		D3DA39A628D593CB00DA1670 /* MultipeerHelper */ = {
			isa = XCSwiftPackageProductDependency;
			package = D3DA39A528D593CB00DA1670 /* XCRemoteSwiftPackageReference "MultipeerHelper" */;
			productName = MultipeerHelper;
		};
		D3DA39A928D5978A00DA1670 /* FirebaseAuth */ = {
			isa = XCSwiftPackageProductDependency;
			package = D3DA39A828D5978A00DA1670 /* XCRemoteSwiftPackageReference "firebase-ios-sdk" */;
			productName = FirebaseAuth;
		};
		D3DA39AB28D5978A00DA1670 /* FirebaseAuthCombine-Community */ = {
			isa = XCSwiftPackageProductDependency;
			package = D3DA39A828D5978A00DA1670 /* XCRemoteSwiftPackageReference "firebase-ios-sdk" */;
			productName = "FirebaseAuthCombine-Community";
		};
		D3DA39AD28D5978A00DA1670 /* FirebaseFirestore */ = {
			isa = XCSwiftPackageProductDependency;
			package = D3DA39A828D5978A00DA1670 /* XCRemoteSwiftPackageReference "firebase-ios-sdk" */;
			productName = FirebaseFirestore;
		};
		D3DA39AF28D5978A00DA1670 /* FirebaseFirestoreCombine-Community */ = {
			isa = XCSwiftPackageProductDependency;
			package = D3DA39A828D5978A00DA1670 /* XCRemoteSwiftPackageReference "firebase-ios-sdk" */;
			productName = "FirebaseFirestoreCombine-Community";
		};
		D3DA39B128D5978A00DA1670 /* FirebaseFirestoreSwift */ = {
			isa = XCSwiftPackageProductDependency;
			package = D3DA39A828D5978A00DA1670 /* XCRemoteSwiftPackageReference "firebase-ios-sdk" */;
			productName = FirebaseFirestoreSwift;
		};
		D3DA39B328D5978A00DA1670 /* FirebaseStorage */ = {
			isa = XCSwiftPackageProductDependency;
			package = D3DA39A828D5978A00DA1670 /* XCRemoteSwiftPackageReference "firebase-ios-sdk" */;
			productName = FirebaseStorage;
		};
		D3DA39B528D5978A00DA1670 /* FirebaseStorageCombine-Community */ = {
			isa = XCSwiftPackageProductDependency;
			package = D3DA39A828D5978A00DA1670 /* XCRemoteSwiftPackageReference "firebase-ios-sdk" */;
			productName = "FirebaseStorageCombine-Community";
		};
/* End XCSwiftPackageProductDependency section */
	};
	rootObject = D3DA396B28D5913400DA1670 /* Project object */;
}
